// !$*UTF8*$!
{
	archiveVersion = 1;
	classes = {
	};
	objectVersion = 46;
	objects = {

/* Begin PBXBuildFile section */
		690C92861A5F2ED300D3BC65 /* ASStarRatingView.m in Sources */ = {isa = PBXBuildFile; fileRef = 690C92851A5F2ED300D3BC65 /* ASStarRatingView.m */; };
		690C928E1A5F31AB00D3BC65 /* half_selected_star.png in Resources */ = {isa = PBXBuildFile; fileRef = 690C92881A5F31AB00D3BC65 /* half_selected_star.png */; };
		690C928F1A5F31AB00D3BC65 /* half_selected_star@2x.png in Resources */ = {isa = PBXBuildFile; fileRef = 690C92891A5F31AB00D3BC65 /* half_selected_star@2x.png */; };
		690C92901A5F31AB00D3BC65 /* not_selected_star.png in Resources */ = {isa = PBXBuildFile; fileRef = 690C928A1A5F31AB00D3BC65 /* not_selected_star.png */; };
		690C92911A5F31AB00D3BC65 /* not_selected_star@2x.png in Resources */ = {isa = PBXBuildFile; fileRef = 690C928B1A5F31AB00D3BC65 /* not_selected_star@2x.png */; };
		690C92921A5F31AB00D3BC65 /* selected_star.png in Resources */ = {isa = PBXBuildFile; fileRef = 690C928C1A5F31AB00D3BC65 /* selected_star.png */; };
		690C92931A5F31AB00D3BC65 /* selected_star@2x.png in Resources */ = {isa = PBXBuildFile; fileRef = 690C928D1A5F31AB00D3BC65 /* selected_star@2x.png */; };
		690C93131A5F525200D3BC65 /* AudioToolbox.framework in Frameworks */ = {isa = PBXBuildFile; fileRef = 690C93121A5F525200D3BC65 /* AudioToolbox.framework */; };
		690C931E1A5F6F5800D3BC65 /* food1.jpg in Resources */ = {isa = PBXBuildFile; fileRef = 690C93141A5F6F5800D3BC65 /* food1.jpg */; };
		690C931F1A5F6F5800D3BC65 /* food2.jpg in Resources */ = {isa = PBXBuildFile; fileRef = 690C93151A5F6F5800D3BC65 /* food2.jpg */; };
		690C93201A5F6F5800D3BC65 /* food3.jpg in Resources */ = {isa = PBXBuildFile; fileRef = 690C93161A5F6F5800D3BC65 /* food3.jpg */; };
		690C93211A5F6F5800D3BC65 /* food4.jpg in Resources */ = {isa = PBXBuildFile; fileRef = 690C93171A5F6F5800D3BC65 /* food4.jpg */; };
		690C93221A5F6F5800D3BC65 /* food5.jpg in Resources */ = {isa = PBXBuildFile; fileRef = 690C93181A5F6F5800D3BC65 /* food5.jpg */; };
		690C93231A5F6F5800D3BC65 /* food6.jpg in Resources */ = {isa = PBXBuildFile; fileRef = 690C93191A5F6F5800D3BC65 /* food6.jpg */; };
		690C93241A5F6F5800D3BC65 /* food7.jpg in Resources */ = {isa = PBXBuildFile; fileRef = 690C931A1A5F6F5800D3BC65 /* food7.jpg */; };
		690C93251A5F6F5800D3BC65 /* food8.jpg in Resources */ = {isa = PBXBuildFile; fileRef = 690C931B1A5F6F5800D3BC65 /* food8.jpg */; };
		690C93261A5F6F5800D3BC65 /* food9.jpg in Resources */ = {isa = PBXBuildFile; fileRef = 690C931C1A5F6F5800D3BC65 /* food9.jpg */; };
		690C93271A5F6F5800D3BC65 /* food10.jpg in Resources */ = {isa = PBXBuildFile; fileRef = 690C931D1A5F6F5800D3BC65 /* food10.jpg */; };
		690C93291A5F83EB00D3BC65 /* CoreLocation.framework in Frameworks */ = {isa = PBXBuildFile; fileRef = 690C93281A5F83EB00D3BC65 /* CoreLocation.framework */; };
		690C932D1A5F87DE00D3BC65 /* GoogleMaps.framework in Frameworks */ = {isa = PBXBuildFile; fileRef = 690C932C1A5F87DE00D3BC65 /* GoogleMaps.framework */; };
		690C932F1A5F883400D3BC65 /* GoogleMaps.bundle in Resources */ = {isa = PBXBuildFile; fileRef = 690C932E1A5F883300D3BC65 /* GoogleMaps.bundle */; };
		690C93311A5F889300D3BC65 /* AVFoundation.framework in Frameworks */ = {isa = PBXBuildFile; fileRef = 690C93301A5F889300D3BC65 /* AVFoundation.framework */; };
		690C93331A5F889900D3BC65 /* CoreData.framework in Frameworks */ = {isa = PBXBuildFile; fileRef = 690C93321A5F889900D3BC65 /* CoreData.framework */; };
		690C93351A5F88A400D3BC65 /* GLKit.framework in Frameworks */ = {isa = PBXBuildFile; fileRef = 690C93341A5F88A400D3BC65 /* GLKit.framework */; };
		690C93371A5F88AD00D3BC65 /* ImageIO.framework in Frameworks */ = {isa = PBXBuildFile; fileRef = 690C93361A5F88AD00D3BC65 /* ImageIO.framework */; };
		690C93391A5F88CA00D3BC65 /* libc++.dylib in Frameworks */ = {isa = PBXBuildFile; fileRef = 690C93381A5F88CA00D3BC65 /* libc++.dylib */; };
		690C933B1A5F88D600D3BC65 /* libicucore.dylib in Frameworks */ = {isa = PBXBuildFile; fileRef = 690C933A1A5F88D600D3BC65 /* libicucore.dylib */; };
		690C933D1A5F88DF00D3BC65 /* libz.dylib in Frameworks */ = {isa = PBXBuildFile; fileRef = 690C933C1A5F88DF00D3BC65 /* libz.dylib */; };
		690C933F1A5F88E500D3BC65 /* OpenGLES.framework in Frameworks */ = {isa = PBXBuildFile; fileRef = 690C933E1A5F88E400D3BC65 /* OpenGLES.framework */; };
		690C93411A5F88F500D3BC65 /* QuartzCore.framework in Frameworks */ = {isa = PBXBuildFile; fileRef = 690C93401A5F88F500D3BC65 /* QuartzCore.framework */; };
		690C93431A5F88FC00D3BC65 /* SystemConfiguration.framework in Frameworks */ = {isa = PBXBuildFile; fileRef = 690C93421A5F88FC00D3BC65 /* SystemConfiguration.framework */; };
		690C934E1A5FB7D100D3BC65 /* person1.jpg in Resources */ = {isa = PBXBuildFile; fileRef = 690C93441A5FB7D100D3BC65 /* person1.jpg */; };
		690C934F1A5FB7D100D3BC65 /* person2.jpg in Resources */ = {isa = PBXBuildFile; fileRef = 690C93451A5FB7D100D3BC65 /* person2.jpg */; };
		690C93501A5FB7D100D3BC65 /* person3.jpg in Resources */ = {isa = PBXBuildFile; fileRef = 690C93461A5FB7D100D3BC65 /* person3.jpg */; };
		690C93511A5FB7D100D3BC65 /* person4.jpg in Resources */ = {isa = PBXBuildFile; fileRef = 690C93471A5FB7D100D3BC65 /* person4.jpg */; };
		690C93521A5FB7D100D3BC65 /* person5.jpg in Resources */ = {isa = PBXBuildFile; fileRef = 690C93481A5FB7D100D3BC65 /* person5.jpg */; };
		690C93531A5FB7D100D3BC65 /* person6.jpg in Resources */ = {isa = PBXBuildFile; fileRef = 690C93491A5FB7D100D3BC65 /* person6.jpg */; };
		690C93541A5FB7D100D3BC65 /* person7.jpg in Resources */ = {isa = PBXBuildFile; fileRef = 690C934A1A5FB7D100D3BC65 /* person7.jpg */; };
		690C93551A5FB7D100D3BC65 /* person8.jpg in Resources */ = {isa = PBXBuildFile; fileRef = 690C934B1A5FB7D100D3BC65 /* person8.jpg */; };
		690C93561A5FB7D100D3BC65 /* person9.jpg in Resources */ = {isa = PBXBuildFile; fileRef = 690C934C1A5FB7D100D3BC65 /* person9.jpg */; };
		690C93571A5FB7D100D3BC65 /* person10.jpg in Resources */ = {isa = PBXBuildFile; fileRef = 690C934D1A5FB7D100D3BC65 /* person10.jpg */; };
		691A5EF41A4F894E00C28718 /* main.m in Sources */ = {isa = PBXBuildFile; fileRef = 691A5EF31A4F894E00C28718 /* main.m */; };
		691A5EF71A4F894E00C28718 /* AppDelegate.m in Sources */ = {isa = PBXBuildFile; fileRef = 691A5EF61A4F894E00C28718 /* AppDelegate.m */; };
		691A5EFA1A4F894E00C28718 /* BonAppetit.xcdatamodeld in Sources */ = {isa = PBXBuildFile; fileRef = 691A5EF81A4F894E00C28718 /* BonAppetit.xcdatamodeld */; };
		691A5EFD1A4F894E00C28718 /* ViewController.m in Sources */ = {isa = PBXBuildFile; fileRef = 691A5EFC1A4F894E00C28718 /* ViewController.m */; };
		691A5F001A4F894E00C28718 /* Main.storyboard in Resources */ = {isa = PBXBuildFile; fileRef = 691A5EFE1A4F894E00C28718 /* Main.storyboard */; };
		691A5F021A4F894E00C28718 /* Images.xcassets in Resources */ = {isa = PBXBuildFile; fileRef = 691A5F011A4F894E00C28718 /* Images.xcassets */; };
		691A5F051A4F894E00C28718 /* LaunchScreen.xib in Resources */ = {isa = PBXBuildFile; fileRef = 691A5F031A4F894E00C28718 /* LaunchScreen.xib */; };
		691A5F111A4F894E00C28718 /* BonAppetitTests.m in Sources */ = {isa = PBXBuildFile; fileRef = 691A5F101A4F894E00C28718 /* BonAppetitTests.m */; };
		691A5F1B1A4F8AEC00C28718 /* FacebookSDK.framework in Frameworks */ = {isa = PBXBuildFile; fileRef = 691A5F1A1A4F8AEC00C28718 /* FacebookSDK.framework */; };
		691A5F1E1A4F8D3400C28718 /* LoginViewController.m in Sources */ = {isa = PBXBuildFile; fileRef = 691A5F1D1A4F8D3400C28718 /* LoginViewController.m */; };
		691A5F211A4F981A00C28718 /* PageContentViewController.m in Sources */ = {isa = PBXBuildFile; fileRef = 691A5F201A4F981A00C28718 /* PageContentViewController.m */; };
		691A5F601A4FBC5A00C28718 /* CoreGraphics.framework in Frameworks */ = {isa = PBXBuildFile; fileRef = 691A5F5F1A4FBC5A00C28718 /* CoreGraphics.framework */; };
		691A5F631A4FBEB100C28718 /* CameraViewController.m in Sources */ = {isa = PBXBuildFile; fileRef = 691A5F621A4FBEB100C28718 /* CameraViewController.m */; };
		691A5F751A50AFC500C28718 /* bg@2x.jpg in Resources */ = {isa = PBXBuildFile; fileRef = 691A5F6F1A50AFC500C28718 /* bg@2x.jpg */; };
		691A5F761A50AFC500C28718 /* page1.png in Resources */ = {isa = PBXBuildFile; fileRef = 691A5F701A50AFC500C28718 /* page1.png */; };
		691A5F771A50AFC500C28718 /* page2.png in Resources */ = {isa = PBXBuildFile; fileRef = 691A5F711A50AFC500C28718 /* page2.png */; };
		691A5F781A50AFC500C28718 /* page3.png in Resources */ = {isa = PBXBuildFile; fileRef = 691A5F721A50AFC500C28718 /* page3.png */; };
		691A5F791A50AFC500C28718 /* page4.png in Resources */ = {isa = PBXBuildFile; fileRef = 691A5F731A50AFC500C28718 /* page4.png */; };
		691A5F7A1A50AFC500C28718 /* profile@2x.jpg in Resources */ = {isa = PBXBuildFile; fileRef = 691A5F741A50AFC500C28718 /* profile@2x.jpg */; };
		694D09571A610D2C0055B69F /* Security.framework in Frameworks */ = {isa = PBXBuildFile; fileRef = 694D09561A610D2C0055B69F /* Security.framework */; };
		694D095F1A6243690055B69F /* BAUser.m in Sources */ = {isa = PBXBuildFile; fileRef = 694D095E1A6243690055B69F /* BAUser.m */; };
		694D09621A6244960055B69F /* BAReview.m in Sources */ = {isa = PBXBuildFile; fileRef = 694D09611A6244960055B69F /* BAReview.m */; };
		694D09651A624C650055B69F /* API.m in Sources */ = {isa = PBXBuildFile; fileRef = 694D09641A624C650055B69F /* API.m */; };
		694D09691A625B450055B69F /* NSObject+TypeValidation.m in Sources */ = {isa = PBXBuildFile; fileRef = 694D09681A625B450055B69F /* NSObject+TypeValidation.m */; };
		694D096F1A625D750055B69F /* BAJSONModel.m in Sources */ = {isa = PBXBuildFile; fileRef = 694D096E1A625D750055B69F /* BAJSONModel.m */; };
		6952AB2E1A6098F4006E135C /* ReviewNewsFeedTableViewCell.m in Sources */ = {isa = PBXBuildFile; fileRef = 6952AB2D1A6098F4006E135C /* ReviewNewsFeedTableViewCell.m */; };
		6952AB311A609996006E135C /* ReviewNewsFeedTableViewController.m in Sources */ = {isa = PBXBuildFile; fileRef = 6952AB301A609996006E135C /* ReviewNewsFeedTableViewController.m */; };
		69D4D20F1A6A488400DA3A05 /* ReviewNewsFeedViewControllerDeprecated.m in Sources */ = {isa = PBXBuildFile; fileRef = 69D4D20E1A6A488400DA3A05 /* ReviewNewsFeedViewControllerDeprecated.m */; };
		69D4D2121A6C988C00DA3A05 /* SharePhotoViewController.m in Sources */ = {isa = PBXBuildFile; fileRef = 69D4D2111A6C988C00DA3A05 /* SharePhotoViewController.m */; };
		69D4D2181A6CAB0700DA3A05 /* PlacesSearchTableViewController.m in Sources */ = {isa = PBXBuildFile; fileRef = 69D4D2171A6CAB0700DA3A05 /* PlacesSearchTableViewController.m */; };
		69D4D21B1A6CAB2100DA3A05 /* PlacesSearchTableViewCell.m in Sources */ = {isa = PBXBuildFile; fileRef = 69D4D21A1A6CAB2100DA3A05 /* PlacesSearchTableViewCell.m */; };
		69D4D21F1A6CB25C00DA3A05 /* BAPlace.m in Sources */ = {isa = PBXBuildFile; fileRef = 69D4D21E1A6CB25C00DA3A05 /* BAPlace.m */; };
		69EA9AEA1A76126900F10063 /* UserReviewsCollectionViewController.m in Sources */ = {isa = PBXBuildFile; fileRef = 69EA9AE91A76126900F10063 /* UserReviewsCollectionViewController.m */; };
		69EA9AED1A7612FF00F10063 /* UserReviewsCollectionViewCell.m in Sources */ = {isa = PBXBuildFile; fileRef = 69EA9AEC1A7612FF00F10063 /* UserReviewsCollectionViewCell.m */; };
		EEA503F16758E31244F473DD /* libPods.a in Frameworks */ = {isa = PBXBuildFile; fileRef = A39C66EC9154216A911DD14C /* libPods.a */; };
/* End PBXBuildFile section */

/* Begin PBXContainerItemProxy section */
		691A5F0B1A4F894E00C28718 /* PBXContainerItemProxy */ = {
			isa = PBXContainerItemProxy;
			containerPortal = 691A5EE61A4F894E00C28718 /* Project object */;
			proxyType = 1;
			remoteGlobalIDString = 691A5EED1A4F894E00C28718;
			remoteInfo = BonAppetit;
		};
/* End PBXContainerItemProxy section */

/* Begin PBXFileReference section */
		3D6A2E9465B780A50CD26B5E /* Pods.release.xcconfig */ = {isa = PBXFileReference; includeInIndex = 1; lastKnownFileType = text.xcconfig; name = Pods.release.xcconfig; path = "Pods/Target Support Files/Pods/Pods.release.xcconfig"; sourceTree = "<group>"; };
		690C92841A5F2ED300D3BC65 /* ASStarRatingView.h */ = {isa = PBXFileReference; fileEncoding = 4; lastKnownFileType = sourcecode.c.h; name = ASStarRatingView.h; path = ASStarRatingView/ASStarRatingView.h; sourceTree = "<group>"; };
		690C92851A5F2ED300D3BC65 /* ASStarRatingView.m */ = {isa = PBXFileReference; fileEncoding = 4; lastKnownFileType = sourcecode.c.objc; name = ASStarRatingView.m; path = ASStarRatingView/ASStarRatingView.m; sourceTree = "<group>"; };
		690C92881A5F31AB00D3BC65 /* half_selected_star.png */ = {isa = PBXFileReference; lastKnownFileType = image.png; name = half_selected_star.png; path = ASStarRatingView/stars/half_selected_star.png; sourceTree = "<group>"; };
		690C92891A5F31AB00D3BC65 /* half_selected_star@2x.png */ = {isa = PBXFileReference; lastKnownFileType = image.png; name = "half_selected_star@2x.png"; path = "ASStarRatingView/stars/half_selected_star@2x.png"; sourceTree = "<group>"; };
		690C928A1A5F31AB00D3BC65 /* not_selected_star.png */ = {isa = PBXFileReference; lastKnownFileType = image.png; name = not_selected_star.png; path = ASStarRatingView/stars/not_selected_star.png; sourceTree = "<group>"; };
		690C928B1A5F31AB00D3BC65 /* not_selected_star@2x.png */ = {isa = PBXFileReference; lastKnownFileType = image.png; name = "not_selected_star@2x.png"; path = "ASStarRatingView/stars/not_selected_star@2x.png"; sourceTree = "<group>"; };
		690C928C1A5F31AB00D3BC65 /* selected_star.png */ = {isa = PBXFileReference; lastKnownFileType = image.png; name = selected_star.png; path = ASStarRatingView/stars/selected_star.png; sourceTree = "<group>"; };
		690C928D1A5F31AB00D3BC65 /* selected_star@2x.png */ = {isa = PBXFileReference; lastKnownFileType = image.png; name = "selected_star@2x.png"; path = "ASStarRatingView/stars/selected_star@2x.png"; sourceTree = "<group>"; };
		690C93121A5F525200D3BC65 /* AudioToolbox.framework */ = {isa = PBXFileReference; lastKnownFileType = wrapper.framework; name = AudioToolbox.framework; path = System/Library/Frameworks/AudioToolbox.framework; sourceTree = SDKROOT; };
		690C93141A5F6F5800D3BC65 /* food1.jpg */ = {isa = PBXFileReference; lastKnownFileType = image.jpeg; name = food1.jpg; path = Images/food1.jpg; sourceTree = "<group>"; };
		690C93151A5F6F5800D3BC65 /* food2.jpg */ = {isa = PBXFileReference; lastKnownFileType = image.jpeg; name = food2.jpg; path = Images/food2.jpg; sourceTree = "<group>"; };
		690C93161A5F6F5800D3BC65 /* food3.jpg */ = {isa = PBXFileReference; lastKnownFileType = image.jpeg; name = food3.jpg; path = Images/food3.jpg; sourceTree = "<group>"; };
		690C93171A5F6F5800D3BC65 /* food4.jpg */ = {isa = PBXFileReference; lastKnownFileType = image.jpeg; name = food4.jpg; path = Images/food4.jpg; sourceTree = "<group>"; };
		690C93181A5F6F5800D3BC65 /* food5.jpg */ = {isa = PBXFileReference; lastKnownFileType = image.jpeg; name = food5.jpg; path = Images/food5.jpg; sourceTree = "<group>"; };
		690C93191A5F6F5800D3BC65 /* food6.jpg */ = {isa = PBXFileReference; lastKnownFileType = image.jpeg; name = food6.jpg; path = Images/food6.jpg; sourceTree = "<group>"; };
		690C931A1A5F6F5800D3BC65 /* food7.jpg */ = {isa = PBXFileReference; lastKnownFileType = image.jpeg; name = food7.jpg; path = Images/food7.jpg; sourceTree = "<group>"; };
		690C931B1A5F6F5800D3BC65 /* food8.jpg */ = {isa = PBXFileReference; lastKnownFileType = image.jpeg; name = food8.jpg; path = Images/food8.jpg; sourceTree = "<group>"; };
		690C931C1A5F6F5800D3BC65 /* food9.jpg */ = {isa = PBXFileReference; lastKnownFileType = image.jpeg; name = food9.jpg; path = Images/food9.jpg; sourceTree = "<group>"; };
		690C931D1A5F6F5800D3BC65 /* food10.jpg */ = {isa = PBXFileReference; lastKnownFileType = image.jpeg; name = food10.jpg; path = Images/food10.jpg; sourceTree = "<group>"; };
		690C93281A5F83EB00D3BC65 /* CoreLocation.framework */ = {isa = PBXFileReference; lastKnownFileType = wrapper.framework; name = CoreLocation.framework; path = System/Library/Frameworks/CoreLocation.framework; sourceTree = SDKROOT; };
		690C932C1A5F87DE00D3BC65 /* GoogleMaps.framework */ = {isa = PBXFileReference; lastKnownFileType = wrapper.framework; path = GoogleMaps.framework; sourceTree = "<group>"; };
		690C932E1A5F883300D3BC65 /* GoogleMaps.bundle */ = {isa = PBXFileReference; lastKnownFileType = "wrapper.plug-in"; name = GoogleMaps.bundle; path = GoogleMaps.framework/Versions/A/Resources/GoogleMaps.bundle; sourceTree = "<group>"; };
		690C93301A5F889300D3BC65 /* AVFoundation.framework */ = {isa = PBXFileReference; lastKnownFileType = wrapper.framework; name = AVFoundation.framework; path = System/Library/Frameworks/AVFoundation.framework; sourceTree = SDKROOT; };
		690C93321A5F889900D3BC65 /* CoreData.framework */ = {isa = PBXFileReference; lastKnownFileType = wrapper.framework; name = CoreData.framework; path = System/Library/Frameworks/CoreData.framework; sourceTree = SDKROOT; };
		690C93341A5F88A400D3BC65 /* GLKit.framework */ = {isa = PBXFileReference; lastKnownFileType = wrapper.framework; name = GLKit.framework; path = System/Library/Frameworks/GLKit.framework; sourceTree = SDKROOT; };
		690C93361A5F88AD00D3BC65 /* ImageIO.framework */ = {isa = PBXFileReference; lastKnownFileType = wrapper.framework; name = ImageIO.framework; path = System/Library/Frameworks/ImageIO.framework; sourceTree = SDKROOT; };
		690C93381A5F88CA00D3BC65 /* libc++.dylib */ = {isa = PBXFileReference; lastKnownFileType = "compiled.mach-o.dylib"; name = "libc++.dylib"; path = "usr/lib/libc++.dylib"; sourceTree = SDKROOT; };
		690C933A1A5F88D600D3BC65 /* libicucore.dylib */ = {isa = PBXFileReference; lastKnownFileType = "compiled.mach-o.dylib"; name = libicucore.dylib; path = usr/lib/libicucore.dylib; sourceTree = SDKROOT; };
		690C933C1A5F88DF00D3BC65 /* libz.dylib */ = {isa = PBXFileReference; lastKnownFileType = "compiled.mach-o.dylib"; name = libz.dylib; path = usr/lib/libz.dylib; sourceTree = SDKROOT; };
		690C933E1A5F88E400D3BC65 /* OpenGLES.framework */ = {isa = PBXFileReference; lastKnownFileType = wrapper.framework; name = OpenGLES.framework; path = System/Library/Frameworks/OpenGLES.framework; sourceTree = SDKROOT; };
		690C93401A5F88F500D3BC65 /* QuartzCore.framework */ = {isa = PBXFileReference; lastKnownFileType = wrapper.framework; name = QuartzCore.framework; path = System/Library/Frameworks/QuartzCore.framework; sourceTree = SDKROOT; };
		690C93421A5F88FC00D3BC65 /* SystemConfiguration.framework */ = {isa = PBXFileReference; lastKnownFileType = wrapper.framework; name = SystemConfiguration.framework; path = System/Library/Frameworks/SystemConfiguration.framework; sourceTree = SDKROOT; };
		690C93441A5FB7D100D3BC65 /* person1.jpg */ = {isa = PBXFileReference; lastKnownFileType = image.jpeg; name = person1.jpg; path = Images/person1.jpg; sourceTree = "<group>"; };
		690C93451A5FB7D100D3BC65 /* person2.jpg */ = {isa = PBXFileReference; lastKnownFileType = image.jpeg; name = person2.jpg; path = Images/person2.jpg; sourceTree = "<group>"; };
		690C93461A5FB7D100D3BC65 /* person3.jpg */ = {isa = PBXFileReference; lastKnownFileType = image.jpeg; name = person3.jpg; path = Images/person3.jpg; sourceTree = "<group>"; };
		690C93471A5FB7D100D3BC65 /* person4.jpg */ = {isa = PBXFileReference; lastKnownFileType = image.jpeg; name = person4.jpg; path = Images/person4.jpg; sourceTree = "<group>"; };
		690C93481A5FB7D100D3BC65 /* person5.jpg */ = {isa = PBXFileReference; lastKnownFileType = image.jpeg; name = person5.jpg; path = Images/person5.jpg; sourceTree = "<group>"; };
		690C93491A5FB7D100D3BC65 /* person6.jpg */ = {isa = PBXFileReference; lastKnownFileType = image.jpeg; name = person6.jpg; path = Images/person6.jpg; sourceTree = "<group>"; };
		690C934A1A5FB7D100D3BC65 /* person7.jpg */ = {isa = PBXFileReference; lastKnownFileType = image.jpeg; name = person7.jpg; path = Images/person7.jpg; sourceTree = "<group>"; };
		690C934B1A5FB7D100D3BC65 /* person8.jpg */ = {isa = PBXFileReference; lastKnownFileType = image.jpeg; name = person8.jpg; path = Images/person8.jpg; sourceTree = "<group>"; };
		690C934C1A5FB7D100D3BC65 /* person9.jpg */ = {isa = PBXFileReference; lastKnownFileType = image.jpeg; name = person9.jpg; path = Images/person9.jpg; sourceTree = "<group>"; };
		690C934D1A5FB7D100D3BC65 /* person10.jpg */ = {isa = PBXFileReference; lastKnownFileType = image.jpeg; name = person10.jpg; path = Images/person10.jpg; sourceTree = "<group>"; };
		691A5EEE1A4F894E00C28718 /* BonAppetit.app */ = {isa = PBXFileReference; explicitFileType = wrapper.application; includeInIndex = 0; path = BonAppetit.app; sourceTree = BUILT_PRODUCTS_DIR; };
		691A5EF21A4F894E00C28718 /* Info.plist */ = {isa = PBXFileReference; lastKnownFileType = text.plist.xml; path = Info.plist; sourceTree = "<group>"; };
		691A5EF31A4F894E00C28718 /* main.m */ = {isa = PBXFileReference; lastKnownFileType = sourcecode.c.objc; path = main.m; sourceTree = "<group>"; };
		691A5EF51A4F894E00C28718 /* AppDelegate.h */ = {isa = PBXFileReference; lastKnownFileType = sourcecode.c.h; path = AppDelegate.h; sourceTree = "<group>"; };
		691A5EF61A4F894E00C28718 /* AppDelegate.m */ = {isa = PBXFileReference; lastKnownFileType = sourcecode.c.objc; path = AppDelegate.m; sourceTree = "<group>"; };
		691A5EF91A4F894E00C28718 /* BonAppetit.xcdatamodel */ = {isa = PBXFileReference; lastKnownFileType = wrapper.xcdatamodel; path = BonAppetit.xcdatamodel; sourceTree = "<group>"; };
		691A5EFB1A4F894E00C28718 /* ViewController.h */ = {isa = PBXFileReference; lastKnownFileType = sourcecode.c.h; path = ViewController.h; sourceTree = "<group>"; };
		691A5EFC1A4F894E00C28718 /* ViewController.m */ = {isa = PBXFileReference; lastKnownFileType = sourcecode.c.objc; path = ViewController.m; sourceTree = "<group>"; };
		691A5EFF1A4F894E00C28718 /* Base */ = {isa = PBXFileReference; lastKnownFileType = file.storyboard; name = Base; path = Base.lproj/Main.storyboard; sourceTree = "<group>"; };
		691A5F011A4F894E00C28718 /* Images.xcassets */ = {isa = PBXFileReference; lastKnownFileType = folder.assetcatalog; path = Images.xcassets; sourceTree = "<group>"; };
		691A5F041A4F894E00C28718 /* Base */ = {isa = PBXFileReference; lastKnownFileType = file.xib; name = Base; path = Base.lproj/LaunchScreen.xib; sourceTree = "<group>"; };
		691A5F0A1A4F894E00C28718 /* BonAppetitTests.xctest */ = {isa = PBXFileReference; explicitFileType = wrapper.cfbundle; includeInIndex = 0; path = BonAppetitTests.xctest; sourceTree = BUILT_PRODUCTS_DIR; };
		691A5F0F1A4F894E00C28718 /* Info.plist */ = {isa = PBXFileReference; lastKnownFileType = text.plist.xml; path = Info.plist; sourceTree = "<group>"; };
		691A5F101A4F894E00C28718 /* BonAppetitTests.m */ = {isa = PBXFileReference; lastKnownFileType = sourcecode.c.objc; path = BonAppetitTests.m; sourceTree = "<group>"; };
		691A5F1A1A4F8AEC00C28718 /* FacebookSDK.framework */ = {isa = PBXFileReference; lastKnownFileType = wrapper.framework; path = FacebookSDK.framework; sourceTree = "<group>"; };
		691A5F1C1A4F8D3400C28718 /* LoginViewController.h */ = {isa = PBXFileReference; fileEncoding = 4; lastKnownFileType = sourcecode.c.h; path = LoginViewController.h; sourceTree = "<group>"; };
		691A5F1D1A4F8D3400C28718 /* LoginViewController.m */ = {isa = PBXFileReference; fileEncoding = 4; lastKnownFileType = sourcecode.c.objc; path = LoginViewController.m; sourceTree = "<group>"; };
		691A5F1F1A4F981A00C28718 /* PageContentViewController.h */ = {isa = PBXFileReference; fileEncoding = 4; lastKnownFileType = sourcecode.c.h; path = PageContentViewController.h; sourceTree = "<group>"; };
		691A5F201A4F981A00C28718 /* PageContentViewController.m */ = {isa = PBXFileReference; fileEncoding = 4; lastKnownFileType = sourcecode.c.objc; path = PageContentViewController.m; sourceTree = "<group>"; };
		691A5F5F1A4FBC5A00C28718 /* CoreGraphics.framework */ = {isa = PBXFileReference; lastKnownFileType = wrapper.framework; name = CoreGraphics.framework; path = System/Library/Frameworks/CoreGraphics.framework; sourceTree = SDKROOT; };
		691A5F611A4FBEB100C28718 /* CameraViewController.h */ = {isa = PBXFileReference; fileEncoding = 4; lastKnownFileType = sourcecode.c.h; path = CameraViewController.h; sourceTree = "<group>"; };
		691A5F621A4FBEB100C28718 /* CameraViewController.m */ = {isa = PBXFileReference; fileEncoding = 4; lastKnownFileType = sourcecode.c.objc; path = CameraViewController.m; sourceTree = "<group>"; };
		691A5F6F1A50AFC500C28718 /* bg@2x.jpg */ = {isa = PBXFileReference; lastKnownFileType = image.jpeg; name = "bg@2x.jpg"; path = "Images/bg@2x.jpg"; sourceTree = "<group>"; };
		691A5F701A50AFC500C28718 /* page1.png */ = {isa = PBXFileReference; lastKnownFileType = image.png; name = page1.png; path = Images/page1.png; sourceTree = "<group>"; };
		691A5F711A50AFC500C28718 /* page2.png */ = {isa = PBXFileReference; lastKnownFileType = image.png; name = page2.png; path = Images/page2.png; sourceTree = "<group>"; };
		691A5F721A50AFC500C28718 /* page3.png */ = {isa = PBXFileReference; lastKnownFileType = image.png; name = page3.png; path = Images/page3.png; sourceTree = "<group>"; };
		691A5F731A50AFC500C28718 /* page4.png */ = {isa = PBXFileReference; lastKnownFileType = image.png; name = page4.png; path = Images/page4.png; sourceTree = "<group>"; };
		691A5F741A50AFC500C28718 /* profile@2x.jpg */ = {isa = PBXFileReference; lastKnownFileType = image.jpeg; name = "profile@2x.jpg"; path = "Images/profile@2x.jpg"; sourceTree = "<group>"; };
		694D09561A610D2C0055B69F /* Security.framework */ = {isa = PBXFileReference; lastKnownFileType = wrapper.framework; name = Security.framework; path = System/Library/Frameworks/Security.framework; sourceTree = SDKROOT; };
		694D095D1A6243690055B69F /* BAUser.h */ = {isa = PBXFileReference; fileEncoding = 4; lastKnownFileType = sourcecode.c.h; path = BAUser.h; sourceTree = "<group>"; };
		694D095E1A6243690055B69F /* BAUser.m */ = {isa = PBXFileReference; fileEncoding = 4; lastKnownFileType = sourcecode.c.objc; path = BAUser.m; sourceTree = "<group>"; };
		694D09601A6244960055B69F /* BAReview.h */ = {isa = PBXFileReference; fileEncoding = 4; lastKnownFileType = sourcecode.c.h; path = BAReview.h; sourceTree = "<group>"; };
		694D09611A6244960055B69F /* BAReview.m */ = {isa = PBXFileReference; fileEncoding = 4; lastKnownFileType = sourcecode.c.objc; path = BAReview.m; sourceTree = "<group>"; };
		694D09631A624C650055B69F /* API.h */ = {isa = PBXFileReference; fileEncoding = 4; lastKnownFileType = sourcecode.c.h; path = API.h; sourceTree = "<group>"; };
		694D09641A624C650055B69F /* API.m */ = {isa = PBXFileReference; fileEncoding = 4; lastKnownFileType = sourcecode.c.objc; path = API.m; sourceTree = "<group>"; };
		694D09671A625B450055B69F /* NSObject+TypeValidation.h */ = {isa = PBXFileReference; fileEncoding = 4; lastKnownFileType = sourcecode.c.h; path = "NSObject+TypeValidation.h"; sourceTree = "<group>"; };
		694D09681A625B450055B69F /* NSObject+TypeValidation.m */ = {isa = PBXFileReference; fileEncoding = 4; lastKnownFileType = sourcecode.c.objc; path = "NSObject+TypeValidation.m"; sourceTree = "<group>"; };
		694D096D1A625D750055B69F /* BAJSONModel.h */ = {isa = PBXFileReference; fileEncoding = 4; lastKnownFileType = sourcecode.c.h; path = BAJSONModel.h; sourceTree = "<group>"; };
		694D096E1A625D750055B69F /* BAJSONModel.m */ = {isa = PBXFileReference; fileEncoding = 4; lastKnownFileType = sourcecode.c.objc; path = BAJSONModel.m; sourceTree = "<group>"; };
		6952AB2C1A6098F4006E135C /* ReviewNewsFeedTableViewCell.h */ = {isa = PBXFileReference; fileEncoding = 4; lastKnownFileType = sourcecode.c.h; path = ReviewNewsFeedTableViewCell.h; sourceTree = "<group>"; };
		6952AB2D1A6098F4006E135C /* ReviewNewsFeedTableViewCell.m */ = {isa = PBXFileReference; fileEncoding = 4; lastKnownFileType = sourcecode.c.objc; path = ReviewNewsFeedTableViewCell.m; sourceTree = "<group>"; };
		6952AB2F1A609996006E135C /* ReviewNewsFeedTableViewController.h */ = {isa = PBXFileReference; fileEncoding = 4; lastKnownFileType = sourcecode.c.h; path = ReviewNewsFeedTableViewController.h; sourceTree = "<group>"; };
		6952AB301A609996006E135C /* ReviewNewsFeedTableViewController.m */ = {isa = PBXFileReference; fileEncoding = 4; lastKnownFileType = sourcecode.c.objc; path = ReviewNewsFeedTableViewController.m; sourceTree = "<group>"; };
		69D4D20D1A6A488400DA3A05 /* ReviewNewsFeedViewControllerDeprecated.h */ = {isa = PBXFileReference; fileEncoding = 4; lastKnownFileType = sourcecode.c.h; path = ReviewNewsFeedViewControllerDeprecated.h; sourceTree = "<group>"; };
		69D4D20E1A6A488400DA3A05 /* ReviewNewsFeedViewControllerDeprecated.m */ = {isa = PBXFileReference; fileEncoding = 4; lastKnownFileType = sourcecode.c.objc; path = ReviewNewsFeedViewControllerDeprecated.m; sourceTree = "<group>"; };
		69D4D2101A6C988C00DA3A05 /* SharePhotoViewController.h */ = {isa = PBXFileReference; fileEncoding = 4; lastKnownFileType = sourcecode.c.h; path = SharePhotoViewController.h; sourceTree = "<group>"; };
		69D4D2111A6C988C00DA3A05 /* SharePhotoViewController.m */ = {isa = PBXFileReference; fileEncoding = 4; lastKnownFileType = sourcecode.c.objc; path = SharePhotoViewController.m; sourceTree = "<group>"; };
		69D4D2161A6CAB0700DA3A05 /* PlacesSearchTableViewController.h */ = {isa = PBXFileReference; fileEncoding = 4; lastKnownFileType = sourcecode.c.h; path = PlacesSearchTableViewController.h; sourceTree = "<group>"; };
		69D4D2171A6CAB0700DA3A05 /* PlacesSearchTableViewController.m */ = {isa = PBXFileReference; fileEncoding = 4; lastKnownFileType = sourcecode.c.objc; path = PlacesSearchTableViewController.m; sourceTree = "<group>"; };
		69D4D2191A6CAB2100DA3A05 /* PlacesSearchTableViewCell.h */ = {isa = PBXFileReference; fileEncoding = 4; lastKnownFileType = sourcecode.c.h; path = PlacesSearchTableViewCell.h; sourceTree = "<group>"; };
		69D4D21A1A6CAB2100DA3A05 /* PlacesSearchTableViewCell.m */ = {isa = PBXFileReference; fileEncoding = 4; lastKnownFileType = sourcecode.c.objc; path = PlacesSearchTableViewCell.m; sourceTree = "<group>"; };
		69D4D21D1A6CB25C00DA3A05 /* BAPlace.h */ = {isa = PBXFileReference; fileEncoding = 4; lastKnownFileType = sourcecode.c.h; path = BAPlace.h; sourceTree = "<group>"; };
		69D4D21E1A6CB25C00DA3A05 /* BAPlace.m */ = {isa = PBXFileReference; fileEncoding = 4; lastKnownFileType = sourcecode.c.objc; path = BAPlace.m; sourceTree = "<group>"; };
		69EA9AE81A76126900F10063 /* UserReviewsCollectionViewController.h */ = {isa = PBXFileReference; fileEncoding = 4; lastKnownFileType = sourcecode.c.h; path = UserReviewsCollectionViewController.h; sourceTree = "<group>"; };
		69EA9AE91A76126900F10063 /* UserReviewsCollectionViewController.m */ = {isa = PBXFileReference; fileEncoding = 4; lastKnownFileType = sourcecode.c.objc; path = UserReviewsCollectionViewController.m; sourceTree = "<group>"; };
		69EA9AEB1A7612FF00F10063 /* UserReviewsCollectionViewCell.h */ = {isa = PBXFileReference; fileEncoding = 4; lastKnownFileType = sourcecode.c.h; path = UserReviewsCollectionViewCell.h; sourceTree = "<group>"; };
		69EA9AEC1A7612FF00F10063 /* UserReviewsCollectionViewCell.m */ = {isa = PBXFileReference; fileEncoding = 4; lastKnownFileType = sourcecode.c.objc; path = UserReviewsCollectionViewCell.m; sourceTree = "<group>"; };
		7A0299983122257B7885CA75 /* Pods.debug.xcconfig */ = {isa = PBXFileReference; includeInIndex = 1; lastKnownFileType = text.xcconfig; name = Pods.debug.xcconfig; path = "Pods/Target Support Files/Pods/Pods.debug.xcconfig"; sourceTree = "<group>"; };
		A39C66EC9154216A911DD14C /* libPods.a */ = {isa = PBXFileReference; explicitFileType = archive.ar; includeInIndex = 0; path = libPods.a; sourceTree = BUILT_PRODUCTS_DIR; };
/* End PBXFileReference section */

/* Begin PBXFrameworksBuildPhase section */
		691A5EEB1A4F894E00C28718 /* Frameworks */ = {
			isa = PBXFrameworksBuildPhase;
			buildActionMask = 2147483647;
			files = (
				694D09571A610D2C0055B69F /* Security.framework in Frameworks */,
				690C93431A5F88FC00D3BC65 /* SystemConfiguration.framework in Frameworks */,
				690C93411A5F88F500D3BC65 /* QuartzCore.framework in Frameworks */,
				690C933F1A5F88E500D3BC65 /* OpenGLES.framework in Frameworks */,
				690C933D1A5F88DF00D3BC65 /* libz.dylib in Frameworks */,
				690C933B1A5F88D600D3BC65 /* libicucore.dylib in Frameworks */,
				690C93391A5F88CA00D3BC65 /* libc++.dylib in Frameworks */,
				690C93371A5F88AD00D3BC65 /* ImageIO.framework in Frameworks */,
				690C93351A5F88A400D3BC65 /* GLKit.framework in Frameworks */,
				690C93331A5F889900D3BC65 /* CoreData.framework in Frameworks */,
				690C93311A5F889300D3BC65 /* AVFoundation.framework in Frameworks */,
				690C93291A5F83EB00D3BC65 /* CoreLocation.framework in Frameworks */,
				690C93131A5F525200D3BC65 /* AudioToolbox.framework in Frameworks */,
				691A5F601A4FBC5A00C28718 /* CoreGraphics.framework in Frameworks */,
				690C932D1A5F87DE00D3BC65 /* GoogleMaps.framework in Frameworks */,
				691A5F1B1A4F8AEC00C28718 /* FacebookSDK.framework in Frameworks */,
				EEA503F16758E31244F473DD /* libPods.a in Frameworks */,
			);
			runOnlyForDeploymentPostprocessing = 0;
		};
		691A5F071A4F894E00C28718 /* Frameworks */ = {
			isa = PBXFrameworksBuildPhase;
			buildActionMask = 2147483647;
			files = (
			);
			runOnlyForDeploymentPostprocessing = 0;
		};
/* End PBXFrameworksBuildPhase section */

/* Begin PBXGroup section */
		5694C669247372EDB6E1C246 /* Frameworks */ = {
			isa = PBXGroup;
			children = (
				690C93421A5F88FC00D3BC65 /* SystemConfiguration.framework */,
				690C93401A5F88F500D3BC65 /* QuartzCore.framework */,
				690C933E1A5F88E400D3BC65 /* OpenGLES.framework */,
				690C933C1A5F88DF00D3BC65 /* libz.dylib */,
				690C933A1A5F88D600D3BC65 /* libicucore.dylib */,
				690C93381A5F88CA00D3BC65 /* libc++.dylib */,
				690C93361A5F88AD00D3BC65 /* ImageIO.framework */,
				690C93341A5F88A400D3BC65 /* GLKit.framework */,
				690C93321A5F889900D3BC65 /* CoreData.framework */,
				690C93301A5F889300D3BC65 /* AVFoundation.framework */,
				690C932C1A5F87DE00D3BC65 /* GoogleMaps.framework */,
				690C93281A5F83EB00D3BC65 /* CoreLocation.framework */,
				690C93121A5F525200D3BC65 /* AudioToolbox.framework */,
				691A5F5F1A4FBC5A00C28718 /* CoreGraphics.framework */,
				691A5F1A1A4F8AEC00C28718 /* FacebookSDK.framework */,
				694D09561A610D2C0055B69F /* Security.framework */,
				A39C66EC9154216A911DD14C /* libPods.a */,
			);
			name = Frameworks;
			sourceTree = "<group>";
		};
		690C92871A5F319C00D3BC65 /* stars */ = {
			isa = PBXGroup;
			children = (
				690C92881A5F31AB00D3BC65 /* half_selected_star.png */,
				690C92891A5F31AB00D3BC65 /* half_selected_star@2x.png */,
				690C928A1A5F31AB00D3BC65 /* not_selected_star.png */,
				690C928B1A5F31AB00D3BC65 /* not_selected_star@2x.png */,
				690C928C1A5F31AB00D3BC65 /* selected_star.png */,
				690C928D1A5F31AB00D3BC65 /* selected_star@2x.png */,
			);
			name = stars;
			sourceTree = "<group>";
		};
		691A5EE51A4F894E00C28718 = {
			isa = PBXGroup;
			children = (
				690C932E1A5F883300D3BC65 /* GoogleMaps.bundle */,
				691A5EF01A4F894E00C28718 /* BonAppetit */,
				691A5F0D1A4F894E00C28718 /* BonAppetitTests */,
				691A5EEF1A4F894E00C28718 /* Products */,
				F10EA3C4E13A001AD5BEEF94 /* Pods */,
				5694C669247372EDB6E1C246 /* Frameworks */,
			);
			sourceTree = "<group>";
		};
		691A5EEF1A4F894E00C28718 /* Products */ = {
			isa = PBXGroup;
			children = (
				691A5EEE1A4F894E00C28718 /* BonAppetit.app */,
				691A5F0A1A4F894E00C28718 /* BonAppetitTests.xctest */,
			);
			name = Products;
			sourceTree = "<group>";
		};
		691A5EF01A4F894E00C28718 /* BonAppetit */ = {
			isa = PBXGroup;
			children = (
				691A5EF51A4F894E00C28718 /* AppDelegate.h */,
				691A5EF61A4F894E00C28718 /* AppDelegate.m */,
				691A5F651A50AEEA00C28718 /* ASStarRatingView */,
				694D095C1A623F2C0055B69F /* Authentication */,
				691A5EF81A4F894E00C28718 /* BonAppetit.xcdatamodeld */,
				694D09591A623EF10055B69F /* Camera */,
				694D09661A625B2E0055B69F /* Helper Classes */,
				691A5F221A4F9AA000C28718 /* Images */,
				691A5F011A4F894E00C28718 /* Images.xcassets */,
				691A5F031A4F894E00C28718 /* LaunchScreen.xib */,
				691A5EFE1A4F894E00C28718 /* Main.storyboard */,
				694D09581A623EE60055B69F /* Models */,
				6952AB321A60E5D3006E135C /* Network */,
				694D095A1A623F000055B69F /* ReviewNewsFeed */,
				691A5EF11A4F894E00C28718 /* Supporting Files */,
				694D095B1A623F1A0055B69F /* Tutorial */,
			);
			path = BonAppetit;
			sourceTree = "<group>";
		};
		691A5EF11A4F894E00C28718 /* Supporting Files */ = {
			isa = PBXGroup;
			children = (
				691A5EF21A4F894E00C28718 /* Info.plist */,
				691A5EF31A4F894E00C28718 /* main.m */,
			);
			name = "Supporting Files";
			sourceTree = "<group>";
		};
		691A5F0D1A4F894E00C28718 /* BonAppetitTests */ = {
			isa = PBXGroup;
			children = (
				691A5F101A4F894E00C28718 /* BonAppetitTests.m */,
				691A5F0E1A4F894E00C28718 /* Supporting Files */,
			);
			path = BonAppetitTests;
			sourceTree = "<group>";
		};
		691A5F0E1A4F894E00C28718 /* Supporting Files */ = {
			isa = PBXGroup;
			children = (
				691A5F0F1A4F894E00C28718 /* Info.plist */,
			);
			name = "Supporting Files";
			sourceTree = "<group>";
		};
		691A5F221A4F9AA000C28718 /* Images */ = {
			isa = PBXGroup;
			children = (
				690C93441A5FB7D100D3BC65 /* person1.jpg */,
				690C93451A5FB7D100D3BC65 /* person2.jpg */,
				690C93461A5FB7D100D3BC65 /* person3.jpg */,
				690C93471A5FB7D100D3BC65 /* person4.jpg */,
				690C93481A5FB7D100D3BC65 /* person5.jpg */,
				690C93491A5FB7D100D3BC65 /* person6.jpg */,
				690C934A1A5FB7D100D3BC65 /* person7.jpg */,
				690C934B1A5FB7D100D3BC65 /* person8.jpg */,
				690C934C1A5FB7D100D3BC65 /* person9.jpg */,
				690C934D1A5FB7D100D3BC65 /* person10.jpg */,
				690C93141A5F6F5800D3BC65 /* food1.jpg */,
				690C93151A5F6F5800D3BC65 /* food2.jpg */,
				690C93161A5F6F5800D3BC65 /* food3.jpg */,
				690C93171A5F6F5800D3BC65 /* food4.jpg */,
				690C93181A5F6F5800D3BC65 /* food5.jpg */,
				690C93191A5F6F5800D3BC65 /* food6.jpg */,
				690C931A1A5F6F5800D3BC65 /* food7.jpg */,
				690C931B1A5F6F5800D3BC65 /* food8.jpg */,
				690C931C1A5F6F5800D3BC65 /* food9.jpg */,
				690C931D1A5F6F5800D3BC65 /* food10.jpg */,
				691A5F6F1A50AFC500C28718 /* bg@2x.jpg */,
				691A5F701A50AFC500C28718 /* page1.png */,
				691A5F711A50AFC500C28718 /* page2.png */,
				691A5F721A50AFC500C28718 /* page3.png */,
				691A5F731A50AFC500C28718 /* page4.png */,
				691A5F741A50AFC500C28718 /* profile@2x.jpg */,
			);
			name = Images;
			sourceTree = "<group>";
		};
		691A5F651A50AEEA00C28718 /* ASStarRatingView */ = {
			isa = PBXGroup;
			children = (
				690C92871A5F319C00D3BC65 /* stars */,
				690C92841A5F2ED300D3BC65 /* ASStarRatingView.h */,
				690C92851A5F2ED300D3BC65 /* ASStarRatingView.m */,
			);
			name = ASStarRatingView;
			sourceTree = "<group>";
		};
		694D09581A623EE60055B69F /* Models */ = {
			isa = PBXGroup;
			children = (
				694D096D1A625D750055B69F /* BAJSONModel.h */,
				694D096E1A625D750055B69F /* BAJSONModel.m */,
				694D09601A6244960055B69F /* BAReview.h */,
				694D09611A6244960055B69F /* BAReview.m */,
				694D095D1A6243690055B69F /* BAUser.h */,
				694D095E1A6243690055B69F /* BAUser.m */,
				69D4D21D1A6CB25C00DA3A05 /* BAPlace.h */,
				69D4D21E1A6CB25C00DA3A05 /* BAPlace.m */,
			);
			name = Models;
			sourceTree = "<group>";
		};
		694D09591A623EF10055B69F /* Camera */ = {
			isa = PBXGroup;
			children = (
				691A5F611A4FBEB100C28718 /* CameraViewController.h */,
				691A5F621A4FBEB100C28718 /* CameraViewController.m */,
				69D4D2101A6C988C00DA3A05 /* SharePhotoViewController.h */,
				69D4D2111A6C988C00DA3A05 /* SharePhotoViewController.m */,
				69D4D2161A6CAB0700DA3A05 /* PlacesSearchTableViewController.h */,
				69D4D2171A6CAB0700DA3A05 /* PlacesSearchTableViewController.m */,
				69D4D2191A6CAB2100DA3A05 /* PlacesSearchTableViewCell.h */,
				69D4D21A1A6CAB2100DA3A05 /* PlacesSearchTableViewCell.m */,
			);
			name = Camera;
			sourceTree = "<group>";
		};
		694D095A1A623F000055B69F /* ReviewNewsFeed */ = {
			isa = PBXGroup;
			children = (
				69D4D20D1A6A488400DA3A05 /* ReviewNewsFeedViewControllerDeprecated.h */,
				69D4D20E1A6A488400DA3A05 /* ReviewNewsFeedViewControllerDeprecated.m */,
				6952AB2C1A6098F4006E135C /* ReviewNewsFeedTableViewCell.h */,
				6952AB2D1A6098F4006E135C /* ReviewNewsFeedTableViewCell.m */,
				6952AB2F1A609996006E135C /* ReviewNewsFeedTableViewController.h */,
				6952AB301A609996006E135C /* ReviewNewsFeedTableViewController.m */,
				69EA9AE81A76126900F10063 /* UserReviewsCollectionViewController.h */,
				69EA9AE91A76126900F10063 /* UserReviewsCollectionViewController.m */,
				69EA9AEB1A7612FF00F10063 /* UserReviewsCollectionViewCell.h */,
				69EA9AEC1A7612FF00F10063 /* UserReviewsCollectionViewCell.m */,
			);
			name = ReviewNewsFeed;
			sourceTree = "<group>";
		};
		694D095B1A623F1A0055B69F /* Tutorial */ = {
			isa = PBXGroup;
			children = (
				691A5F1F1A4F981A00C28718 /* PageContentViewController.h */,
				691A5F201A4F981A00C28718 /* PageContentViewController.m */,
				691A5EFB1A4F894E00C28718 /* ViewController.h */,
				691A5EFC1A4F894E00C28718 /* ViewController.m */,
			);
			name = Tutorial;
			sourceTree = "<group>";
		};
		694D095C1A623F2C0055B69F /* Authentication */ = {
			isa = PBXGroup;
			children = (
				691A5F1C1A4F8D3400C28718 /* LoginViewController.h */,
				691A5F1D1A4F8D3400C28718 /* LoginViewController.m */,
			);
			name = Authentication;
			sourceTree = "<group>";
		};
		694D09661A625B2E0055B69F /* Helper Classes */ = {
			isa = PBXGroup;
			children = (
				694D09671A625B450055B69F /* NSObject+TypeValidation.h */,
				694D09681A625B450055B69F /* NSObject+TypeValidation.m */,
			);
			name = "Helper Classes";
			sourceTree = "<group>";
		};
		6952AB321A60E5D3006E135C /* Network */ = {
			isa = PBXGroup;
			children = (
				694D09631A624C650055B69F /* API.h */,
				694D09641A624C650055B69F /* API.m */,
			);
			name = Network;
			sourceTree = "<group>";
		};
		F10EA3C4E13A001AD5BEEF94 /* Pods */ = {
			isa = PBXGroup;
			children = (
				7A0299983122257B7885CA75 /* Pods.debug.xcconfig */,
				3D6A2E9465B780A50CD26B5E /* Pods.release.xcconfig */,
			);
			name = Pods;
			sourceTree = "<group>";
		};
/* End PBXGroup section */

/* Begin PBXNativeTarget section */
		691A5EED1A4F894E00C28718 /* BonAppetit */ = {
			isa = PBXNativeTarget;
			buildConfigurationList = 691A5F141A4F894E00C28718 /* Build configuration list for PBXNativeTarget "BonAppetit" */;
			buildPhases = (
				5CA79710C399AD27ECB0ACA9 /* Check Pods Manifest.lock */,
				691A5EEA1A4F894E00C28718 /* Sources */,
				691A5EEB1A4F894E00C28718 /* Frameworks */,
				691A5EEC1A4F894E00C28718 /* Resources */,
				87FA2F1A5096130C5D55213A /* Copy Pods Resources */,
			);
			buildRules = (
			);
			dependencies = (
			);
			name = BonAppetit;
			productName = BonAppetit;
			productReference = 691A5EEE1A4F894E00C28718 /* BonAppetit.app */;
			productType = "com.apple.product-type.application";
		};
		691A5F091A4F894E00C28718 /* BonAppetitTests */ = {
			isa = PBXNativeTarget;
			buildConfigurationList = 691A5F171A4F894E00C28718 /* Build configuration list for PBXNativeTarget "BonAppetitTests" */;
			buildPhases = (
				691A5F061A4F894E00C28718 /* Sources */,
				691A5F071A4F894E00C28718 /* Frameworks */,
				691A5F081A4F894E00C28718 /* Resources */,
			);
			buildRules = (
			);
			dependencies = (
				691A5F0C1A4F894E00C28718 /* PBXTargetDependency */,
			);
			name = BonAppetitTests;
			productName = BonAppetitTests;
			productReference = 691A5F0A1A4F894E00C28718 /* BonAppetitTests.xctest */;
			productType = "com.apple.product-type.bundle.unit-test";
		};
/* End PBXNativeTarget section */

/* Begin PBXProject section */
		691A5EE61A4F894E00C28718 /* Project object */ = {
			isa = PBXProject;
			attributes = {
				LastUpgradeCheck = 0610;
				ORGANIZATIONNAME = "Jay Yoon";
				TargetAttributes = {
					691A5EED1A4F894E00C28718 = {
						CreatedOnToolsVersion = 6.1.1;
						DevelopmentTeam = 9T35CN6XKE;
					};
					691A5F091A4F894E00C28718 = {
						CreatedOnToolsVersion = 6.1.1;
						TestTargetID = 691A5EED1A4F894E00C28718;
					};
				};
			};
			buildConfigurationList = 691A5EE91A4F894E00C28718 /* Build configuration list for PBXProject "BonAppetit" */;
			compatibilityVersion = "Xcode 3.2";
			developmentRegion = English;
			hasScannedForEncodings = 0;
			knownRegions = (
				en,
				Base,
			);
			mainGroup = 691A5EE51A4F894E00C28718;
			productRefGroup = 691A5EEF1A4F894E00C28718 /* Products */;
			projectDirPath = "";
			projectRoot = "";
			targets = (
				691A5EED1A4F894E00C28718 /* BonAppetit */,
				691A5F091A4F894E00C28718 /* BonAppetitTests */,
			);
		};
/* End PBXProject section */

/* Begin PBXResourcesBuildPhase section */
		691A5EEC1A4F894E00C28718 /* Resources */ = {
			isa = PBXResourcesBuildPhase;
			buildActionMask = 2147483647;
			files = (
				690C93251A5F6F5800D3BC65 /* food8.jpg in Resources */,
				691A5F001A4F894E00C28718 /* Main.storyboard in Resources */,
				690C934E1A5FB7D100D3BC65 /* person1.jpg in Resources */,
				690C93201A5F6F5800D3BC65 /* food3.jpg in Resources */,
				690C928E1A5F31AB00D3BC65 /* half_selected_star.png in Resources */,
				690C93221A5F6F5800D3BC65 /* food5.jpg in Resources */,
				690C93521A5FB7D100D3BC65 /* person5.jpg in Resources */,
				690C92901A5F31AB00D3BC65 /* not_selected_star.png in Resources */,
				690C93241A5F6F5800D3BC65 /* food7.jpg in Resources */,
				690C93551A5FB7D100D3BC65 /* person8.jpg in Resources */,
				690C92931A5F31AB00D3BC65 /* selected_star@2x.png in Resources */,
				690C92921A5F31AB00D3BC65 /* selected_star.png in Resources */,
				690C931E1A5F6F5800D3BC65 /* food1.jpg in Resources */,
				690C934F1A5FB7D100D3BC65 /* person2.jpg in Resources */,
				690C93271A5F6F5800D3BC65 /* food10.jpg in Resources */,
				690C928F1A5F31AB00D3BC65 /* half_selected_star@2x.png in Resources */,
				691A5F051A4F894E00C28718 /* LaunchScreen.xib in Resources */,
				691A5F771A50AFC500C28718 /* page2.png in Resources */,
				690C93511A5FB7D100D3BC65 /* person4.jpg in Resources */,
				690C93531A5FB7D100D3BC65 /* person6.jpg in Resources */,
				691A5F761A50AFC500C28718 /* page1.png in Resources */,
				690C93231A5F6F5800D3BC65 /* food6.jpg in Resources */,
				690C93571A5FB7D100D3BC65 /* person10.jpg in Resources */,
				691A5F7A1A50AFC500C28718 /* profile@2x.jpg in Resources */,
				690C93211A5F6F5800D3BC65 /* food4.jpg in Resources */,
				690C932F1A5F883400D3BC65 /* GoogleMaps.bundle in Resources */,
				691A5F781A50AFC500C28718 /* page3.png in Resources */,
				690C931F1A5F6F5800D3BC65 /* food2.jpg in Resources */,
				691A5F791A50AFC500C28718 /* page4.png in Resources */,
				690C93501A5FB7D100D3BC65 /* person3.jpg in Resources */,
				690C93541A5FB7D100D3BC65 /* person7.jpg in Resources */,
				690C93561A5FB7D100D3BC65 /* person9.jpg in Resources */,
				690C92911A5F31AB00D3BC65 /* not_selected_star@2x.png in Resources */,
				690C93261A5F6F5800D3BC65 /* food9.jpg in Resources */,
				691A5F021A4F894E00C28718 /* Images.xcassets in Resources */,
				691A5F751A50AFC500C28718 /* bg@2x.jpg in Resources */,
			);
			runOnlyForDeploymentPostprocessing = 0;
		};
		691A5F081A4F894E00C28718 /* Resources */ = {
			isa = PBXResourcesBuildPhase;
			buildActionMask = 2147483647;
			files = (
			);
			runOnlyForDeploymentPostprocessing = 0;
		};
/* End PBXResourcesBuildPhase section */

/* Begin PBXShellScriptBuildPhase section */
		5CA79710C399AD27ECB0ACA9 /* Check Pods Manifest.lock */ = {
			isa = PBXShellScriptBuildPhase;
			buildActionMask = 2147483647;
			files = (
			);
			inputPaths = (
			);
			name = "Check Pods Manifest.lock";
			outputPaths = (
			);
			runOnlyForDeploymentPostprocessing = 0;
			shellPath = /bin/sh;
			shellScript = "diff \"${PODS_ROOT}/../Podfile.lock\" \"${PODS_ROOT}/Manifest.lock\" > /dev/null\nif [[ $? != 0 ]] ; then\n    cat << EOM\nerror: The sandbox is not in sync with the Podfile.lock. Run 'pod install' or update your CocoaPods installation.\nEOM\n    exit 1\nfi\n";
			showEnvVarsInLog = 0;
		};
		87FA2F1A5096130C5D55213A /* Copy Pods Resources */ = {
			isa = PBXShellScriptBuildPhase;
			buildActionMask = 2147483647;
			files = (
			);
			inputPaths = (
			);
			name = "Copy Pods Resources";
			outputPaths = (
			);
			runOnlyForDeploymentPostprocessing = 0;
			shellPath = /bin/sh;
			shellScript = "\"${SRCROOT}/Pods/Target Support Files/Pods/Pods-resources.sh\"\n";
			showEnvVarsInLog = 0;
		};
/* End PBXShellScriptBuildPhase section */

/* Begin PBXSourcesBuildPhase section */
		691A5EEA1A4F894E00C28718 /* Sources */ = {
			isa = PBXSourcesBuildPhase;
			buildActionMask = 2147483647;
			files = (
				69D4D21B1A6CAB2100DA3A05 /* PlacesSearchTableViewCell.m in Sources */,
				691A5EF71A4F894E00C28718 /* AppDelegate.m in Sources */,
				69D4D2121A6C988C00DA3A05 /* SharePhotoViewController.m in Sources */,
				69EA9AED1A7612FF00F10063 /* UserReviewsCollectionViewCell.m in Sources */,
				6952AB311A609996006E135C /* ReviewNewsFeedTableViewController.m in Sources */,
				691A5F631A4FBEB100C28718 /* CameraViewController.m in Sources */,
				691A5EF41A4F894E00C28718 /* main.m in Sources */,
				6952AB2E1A6098F4006E135C /* ReviewNewsFeedTableViewCell.m in Sources */,
				694D09621A6244960055B69F /* BAReview.m in Sources */,
				69D4D20F1A6A488400DA3A05 /* ReviewNewsFeedViewControllerDeprecated.m in Sources */,
				694D09691A625B450055B69F /* NSObject+TypeValidation.m in Sources */,
				691A5EFD1A4F894E00C28718 /* ViewController.m in Sources */,
				694D096F1A625D750055B69F /* BAJSONModel.m in Sources */,
				69D4D21F1A6CB25C00DA3A05 /* BAPlace.m in Sources */,
				69D4D2181A6CAB0700DA3A05 /* PlacesSearchTableViewController.m in Sources */,
				694D09651A624C650055B69F /* API.m in Sources */,
				694D095F1A6243690055B69F /* BAUser.m in Sources */,
				691A5EFA1A4F894E00C28718 /* BonAppetit.xcdatamodeld in Sources */,
				69EA9AEA1A76126900F10063 /* UserReviewsCollectionViewController.m in Sources */,
				691A5F1E1A4F8D3400C28718 /* LoginViewController.m in Sources */,
				690C92861A5F2ED300D3BC65 /* ASStarRatingView.m in Sources */,
				691A5F211A4F981A00C28718 /* PageContentViewController.m in Sources */,
			);
			runOnlyForDeploymentPostprocessing = 0;
		};
		691A5F061A4F894E00C28718 /* Sources */ = {
			isa = PBXSourcesBuildPhase;
			buildActionMask = 2147483647;
			files = (
				691A5F111A4F894E00C28718 /* BonAppetitTests.m in Sources */,
			);
			runOnlyForDeploymentPostprocessing = 0;
		};
/* End PBXSourcesBuildPhase section */

/* Begin PBXTargetDependency section */
		691A5F0C1A4F894E00C28718 /* PBXTargetDependency */ = {
			isa = PBXTargetDependency;
			target = 691A5EED1A4F894E00C28718 /* BonAppetit */;
			targetProxy = 691A5F0B1A4F894E00C28718 /* PBXContainerItemProxy */;
		};
/* End PBXTargetDependency section */

/* Begin PBXVariantGroup section */
		691A5EFE1A4F894E00C28718 /* Main.storyboard */ = {
			isa = PBXVariantGroup;
			children = (
				691A5EFF1A4F894E00C28718 /* Base */,
			);
			name = Main.storyboard;
			sourceTree = "<group>";
		};
		691A5F031A4F894E00C28718 /* LaunchScreen.xib */ = {
			isa = PBXVariantGroup;
			children = (
				691A5F041A4F894E00C28718 /* Base */,
			);
			name = LaunchScreen.xib;
			sourceTree = "<group>";
		};
/* End PBXVariantGroup section */

/* Begin XCBuildConfiguration section */
		691A5F121A4F894E00C28718 /* Debug */ = {
			isa = XCBuildConfiguration;
			buildSettings = {
				ALWAYS_SEARCH_USER_PATHS = NO;
				CLANG_CXX_LANGUAGE_STANDARD = "gnu++0x";
				CLANG_CXX_LIBRARY = "libc++";
				CLANG_ENABLE_MODULES = YES;
				CLANG_ENABLE_OBJC_ARC = YES;
				CLANG_WARN_BOOL_CONVERSION = YES;
				CLANG_WARN_CONSTANT_CONVERSION = YES;
				CLANG_WARN_DIRECT_OBJC_ISA_USAGE = YES_ERROR;
				CLANG_WARN_EMPTY_BODY = YES;
				CLANG_WARN_ENUM_CONVERSION = YES;
				CLANG_WARN_INT_CONVERSION = YES;
				CLANG_WARN_OBJC_ROOT_CLASS = YES_ERROR;
				CLANG_WARN_UNREACHABLE_CODE = YES;
				CLANG_WARN__DUPLICATE_METHOD_MATCH = YES;
				"CODE_SIGN_IDENTITY[sdk=iphoneos*]" = "iPhone Developer";
				COPY_PHASE_STRIP = NO;
				ENABLE_STRICT_OBJC_MSGSEND = YES;
				GCC_C_LANGUAGE_STANDARD = gnu99;
				GCC_DYNAMIC_NO_PIC = NO;
				GCC_OPTIMIZATION_LEVEL = 0;
				GCC_PREPROCESSOR_DEFINITIONS = (
					"DEBUG=1",
					"$(inherited)",
				);
				GCC_SYMBOLS_PRIVATE_EXTERN = NO;
				GCC_WARN_64_TO_32_BIT_CONVERSION = YES;
				GCC_WARN_ABOUT_RETURN_TYPE = YES_ERROR;
				GCC_WARN_UNDECLARED_SELECTOR = YES;
				GCC_WARN_UNINITIALIZED_AUTOS = YES_AGGRESSIVE;
				GCC_WARN_UNUSED_FUNCTION = YES;
				GCC_WARN_UNUSED_VARIABLE = YES;
				IPHONEOS_DEPLOYMENT_TARGET = 8.1;
				MTL_ENABLE_DEBUG_INFO = YES;
				ONLY_ACTIVE_ARCH = YES;
				OTHER_LDFLAGS = "-ObjC";
				SDKROOT = iphoneos;
				TARGETED_DEVICE_FAMILY = "1,2";
			};
			name = Debug;
		};
		691A5F131A4F894E00C28718 /* Release */ = {
			isa = XCBuildConfiguration;
			buildSettings = {
				ALWAYS_SEARCH_USER_PATHS = NO;
				CLANG_CXX_LANGUAGE_STANDARD = "gnu++0x";
				CLANG_CXX_LIBRARY = "libc++";
				CLANG_ENABLE_MODULES = YES;
				CLANG_ENABLE_OBJC_ARC = YES;
				CLANG_WARN_BOOL_CONVERSION = YES;
				CLANG_WARN_CONSTANT_CONVERSION = YES;
				CLANG_WARN_DIRECT_OBJC_ISA_USAGE = YES_ERROR;
				CLANG_WARN_EMPTY_BODY = YES;
				CLANG_WARN_ENUM_CONVERSION = YES;
				CLANG_WARN_INT_CONVERSION = YES;
				CLANG_WARN_OBJC_ROOT_CLASS = YES_ERROR;
				CLANG_WARN_UNREACHABLE_CODE = YES;
				CLANG_WARN__DUPLICATE_METHOD_MATCH = YES;
				"CODE_SIGN_IDENTITY[sdk=iphoneos*]" = "iPhone Developer";
				COPY_PHASE_STRIP = YES;
				ENABLE_NS_ASSERTIONS = NO;
				ENABLE_STRICT_OBJC_MSGSEND = YES;
				GCC_C_LANGUAGE_STANDARD = gnu99;
				GCC_WARN_64_TO_32_BIT_CONVERSION = YES;
				GCC_WARN_ABOUT_RETURN_TYPE = YES_ERROR;
				GCC_WARN_UNDECLARED_SELECTOR = YES;
				GCC_WARN_UNINITIALIZED_AUTOS = YES_AGGRESSIVE;
				GCC_WARN_UNUSED_FUNCTION = YES;
				GCC_WARN_UNUSED_VARIABLE = YES;
				IPHONEOS_DEPLOYMENT_TARGET = 8.1;
				MTL_ENABLE_DEBUG_INFO = NO;
				ONLY_ACTIVE_ARCH = YES;
				OTHER_LDFLAGS = "-ObjC";
				SDKROOT = iphoneos;
				TARGETED_DEVICE_FAMILY = "1,2";
				VALIDATE_PRODUCT = YES;
			};
			name = Release;
		};
		691A5F151A4F894E00C28718 /* Debug */ = {
			isa = XCBuildConfiguration;
			baseConfigurationReference = 7A0299983122257B7885CA75 /* Pods.debug.xcconfig */;
			buildSettings = {
				ASSETCATALOG_COMPILER_APPICON_NAME = AppIcon;
				CODE_SIGN_IDENTITY = "iPhone Developer";
				"CODE_SIGN_IDENTITY[sdk=iphoneos*]" = "iPhone Developer";
				ENABLE_BITCODE = NO;
				FRAMEWORK_SEARCH_PATHS = (
					"$(inherited)",
					"$(PROJECT_DIR)",
				);
				INFOPLIST_FILE = BonAppetit/Info.plist;
				LD_RUNPATH_SEARCH_PATHS = "$(inherited) @executable_path/Frameworks";
				ONLY_ACTIVE_ARCH = YES;
				OTHER_LDFLAGS = (
					"-ObjC",
					"$(inherited)",
				);
				PRODUCT_BUNDLE_IDENTIFIER = com.FoodFeed;
				PRODUCT_NAME = "$(TARGET_NAME)";
				PROVISIONING_PROFILE = "";
			};
			name = Debug;
		};
		691A5F161A4F894E00C28718 /* Release */ = {
			isa = XCBuildConfiguration;
			baseConfigurationReference = 3D6A2E9465B780A50CD26B5E /* Pods.release.xcconfig */;
			buildSettings = {
				ASSETCATALOG_COMPILER_APPICON_NAME = AppIcon;
				CODE_SIGN_IDENTITY = "iPhone Developer";
				"CODE_SIGN_IDENTITY[sdk=iphoneos*]" = "iPhone Developer";
				ENABLE_BITCODE = NO;
				FRAMEWORK_SEARCH_PATHS = (
					"$(inherited)",
					"$(PROJECT_DIR)",
				);
				INFOPLIST_FILE = BonAppetit/Info.plist;
				LD_RUNPATH_SEARCH_PATHS = "$(inherited) @executable_path/Frameworks";
				ONLY_ACTIVE_ARCH = YES;
				OTHER_LDFLAGS = (
					"-ObjC",
					"$(inherited)",
				);
				PRODUCT_BUNDLE_IDENTIFIER = com.FoodFeed;
				PRODUCT_NAME = "$(TARGET_NAME)";
				PROVISIONING_PROFILE = "";
			};
			name = Release;
		};
		691A5F181A4F894E00C28718 /* Debug */ = {
			isa = XCBuildConfiguration;
			buildSettings = {
				BUNDLE_LOADER = "$(TEST_HOST)";
				FRAMEWORK_SEARCH_PATHS = (
					"$(SDKROOT)/Developer/Library/Frameworks",
					"$(inherited)",
				);
				GCC_PREPROCESSOR_DEFINITIONS = (
					"DEBUG=1",
					"$(inherited)",
				);
				INFOPLIST_FILE = BonAppetitTests/Info.plist;
				LD_RUNPATH_SEARCH_PATHS = "$(inherited) @executable_path/Frameworks @loader_path/Frameworks";
				PRODUCT_NAME = "$(TARGET_NAME)";
				TEST_HOST = "$(BUILT_PRODUCTS_DIR)/BonAppetit.app/BonAppetit";
			};
			name = Debug;
		};
		691A5F191A4F894E00C28718 /* Release */ = {
			isa = XCBuildConfiguration;
			buildSettings = {
				BUNDLE_LOADER = "$(TEST_HOST)";
				FRAMEWORK_SEARCH_PATHS = (
					"$(SDKROOT)/Developer/Library/Frameworks",
					"$(inherited)",
				);
				INFOPLIST_FILE = BonAppetitTests/Info.plist;
				LD_RUNPATH_SEARCH_PATHS = "$(inherited) @executable_path/Frameworks @loader_path/Frameworks";
				PRODUCT_NAME = "$(TARGET_NAME)";
				TEST_HOST = "$(BUILT_PRODUCTS_DIR)/BonAppetit.app/BonAppetit";
			};
			name = Release;
		};
/* End XCBuildConfiguration section */

/* Begin XCConfigurationList section */
		691A5EE91A4F894E00C28718 /* Build configuration list for PBXProject "BonAppetit" */ = {
			isa = XCConfigurationList;
			buildConfigurations = (
				691A5F121A4F894E00C28718 /* Debug */,
				691A5F131A4F894E00C28718 /* Release */,
			);
			defaultConfigurationIsVisible = 0;
			defaultConfigurationName = Release;
		};
		691A5F141A4F894E00C28718 /* Build configuration list for PBXNativeTarget "BonAppetit" */ = {
			isa = XCConfigurationList;
			buildConfigurations = (
				691A5F151A4F894E00C28718 /* Debug */,
				691A5F161A4F894E00C28718 /* Release */,
			);
			defaultConfigurationIsVisible = 0;
			defaultConfigurationName = Release;
		};
		691A5F171A4F894E00C28718 /* Build configuration list for PBXNativeTarget "BonAppetitTests" */ = {
			isa = XCConfigurationList;
			buildConfigurations = (
				691A5F181A4F894E00C28718 /* Debug */,
				691A5F191A4F894E00C28718 /* Release */,
			);
			defaultConfigurationIsVisible = 0;
			defaultConfigurationName = Release;
		};
/* End XCConfigurationList section */

/* Begin XCVersionGroup section */
		691A5EF81A4F894E00C28718 /* BonAppetit.xcdatamodeld */ = {
			isa = XCVersionGroup;
			children = (
				691A5EF91A4F894E00C28718 /* BonAppetit.xcdatamodel */,
			);
			currentVersion = 691A5EF91A4F894E00C28718 /* BonAppetit.xcdatamodel */;
			path = BonAppetit.xcdatamodeld;
			sourceTree = "<group>";
			versionGroupType = wrapper.xcdatamodel;
		};
/* End XCVersionGroup section */
	};
	rootObject = 691A5EE61A4F894E00C28718 /* Project object */;
}
