// !$*UTF8*$!
{
	archiveVersion = 1;
	classes = {
	};
	objectVersion = 46;
	objects = {

/* Begin PBXBuildFile section */
		690C92861A5F2ED300D3BC65 /* ASStarRatingView.m in Sources */ = {isa = PBXBuildFile; fileRef = 690C92851A5F2ED300D3BC65 /* ASStarRatingView.m */; };
		690C928E1A5F31AB00D3BC65 /* half_selected_star.png in Resources */ = {isa = PBXBuildFile; fileRef = 690C92881A5F31AB00D3BC65 /* half_selected_star.png */; };
		690C928F1A5F31AB00D3BC65 /* half_selected_star@2x.png in Resources */ = {isa = PBXBuildFile; fileRef = 690C92891A5F31AB00D3BC65 /* half_selected_star@2x.png */; };
		690C92901A5F31AB00D3BC65 /* not_selected_star.png in Resources */ = {isa = PBXBuildFile; fileRef = 690C928A1A5F31AB00D3BC65 /* not_selected_star.png */; };
		690C92911A5F31AB00D3BC65 /* not_selected_star@2x.png in Resources */ = {isa = PBXBuildFile; fileRef = 690C928B1A5F31AB00D3BC65 /* not_selected_star@2x.png */; };
		690C92921A5F31AB00D3BC65 /* selected_star.png in Resources */ = {isa = PBXBuildFile; fileRef = 690C928C1A5F31AB00D3BC65 /* selected_star.png */; };
		690C92931A5F31AB00D3BC65 /* selected_star@2x.png in Resources */ = {isa = PBXBuildFile; fileRef = 690C928D1A5F31AB00D3BC65 /* selected_star@2x.png */; };
		690C93131A5F525200D3BC65 /* AudioToolbox.framework in Frameworks */ = {isa = PBXBuildFile; fileRef = 690C93121A5F525200D3BC65 /* AudioToolbox.framework */; };
		691A5EF41A4F894E00C28718 /* main.m in Sources */ = {isa = PBXBuildFile; fileRef = 691A5EF31A4F894E00C28718 /* main.m */; };
		691A5EF71A4F894E00C28718 /* AppDelegate.m in Sources */ = {isa = PBXBuildFile; fileRef = 691A5EF61A4F894E00C28718 /* AppDelegate.m */; };
		691A5EFA1A4F894E00C28718 /* BonAppetit.xcdatamodeld in Sources */ = {isa = PBXBuildFile; fileRef = 691A5EF81A4F894E00C28718 /* BonAppetit.xcdatamodeld */; };
		691A5EFD1A4F894E00C28718 /* ViewController.m in Sources */ = {isa = PBXBuildFile; fileRef = 691A5EFC1A4F894E00C28718 /* ViewController.m */; };
		691A5F001A4F894E00C28718 /* Main.storyboard in Resources */ = {isa = PBXBuildFile; fileRef = 691A5EFE1A4F894E00C28718 /* Main.storyboard */; };
		691A5F021A4F894E00C28718 /* Images.xcassets in Resources */ = {isa = PBXBuildFile; fileRef = 691A5F011A4F894E00C28718 /* Images.xcassets */; };
		691A5F051A4F894E00C28718 /* LaunchScreen.xib in Resources */ = {isa = PBXBuildFile; fileRef = 691A5F031A4F894E00C28718 /* LaunchScreen.xib */; };
		691A5F111A4F894E00C28718 /* BonAppetitTests.m in Sources */ = {isa = PBXBuildFile; fileRef = 691A5F101A4F894E00C28718 /* BonAppetitTests.m */; };
		691A5F1B1A4F8AEC00C28718 /* FacebookSDK.framework in Frameworks */ = {isa = PBXBuildFile; fileRef = 691A5F1A1A4F8AEC00C28718 /* FacebookSDK.framework */; };
		691A5F1E1A4F8D3400C28718 /* LoginViewController.m in Sources */ = {isa = PBXBuildFile; fileRef = 691A5F1D1A4F8D3400C28718 /* LoginViewController.m */; };
		691A5F211A4F981A00C28718 /* PageContentViewController.m in Sources */ = {isa = PBXBuildFile; fileRef = 691A5F201A4F981A00C28718 /* PageContentViewController.m */; };
		691A5F341A4FB70300C28718 /* ReviewNewsFeedViewController.m in Sources */ = {isa = PBXBuildFile; fileRef = 691A5F331A4FB70300C28718 /* ReviewNewsFeedViewController.m */; };
		691A5F521A4FB89500C28718 /* LICENSE in Resources */ = {isa = PBXBuildFile; fileRef = 691A5F3A1A4FB89500C28718 /* LICENSE */; };
		691A5F531A4FB89500C28718 /* MASCompositeConstraint.m in Sources */ = {isa = PBXBuildFile; fileRef = 691A5F3C1A4FB89500C28718 /* MASCompositeConstraint.m */; };
		691A5F541A4FB89500C28718 /* MASConstraint.m in Sources */ = {isa = PBXBuildFile; fileRef = 691A5F3E1A4FB89500C28718 /* MASConstraint.m */; };
		691A5F551A4FB89500C28718 /* MASConstraintMaker.m in Sources */ = {isa = PBXBuildFile; fileRef = 691A5F411A4FB89500C28718 /* MASConstraintMaker.m */; };
		691A5F561A4FB89500C28718 /* MASLayoutConstraint.m in Sources */ = {isa = PBXBuildFile; fileRef = 691A5F431A4FB89500C28718 /* MASLayoutConstraint.m */; };
		691A5F571A4FB89500C28718 /* MASViewAttribute.m in Sources */ = {isa = PBXBuildFile; fileRef = 691A5F471A4FB89500C28718 /* MASViewAttribute.m */; };
		691A5F581A4FB89500C28718 /* MASViewConstraint.m in Sources */ = {isa = PBXBuildFile; fileRef = 691A5F491A4FB89500C28718 /* MASViewConstraint.m */; };
		691A5F591A4FB89500C28718 /* NSArray+MASAdditions.m in Sources */ = {isa = PBXBuildFile; fileRef = 691A5F4B1A4FB89500C28718 /* NSArray+MASAdditions.m */; };
		691A5F5A1A4FB89500C28718 /* NSLayoutConstraint+MASDebugAdditions.m in Sources */ = {isa = PBXBuildFile; fileRef = 691A5F4E1A4FB89500C28718 /* NSLayoutConstraint+MASDebugAdditions.m */; };
		691A5F5B1A4FB89500C28718 /* View+MASAdditions.m in Sources */ = {isa = PBXBuildFile; fileRef = 691A5F501A4FB89500C28718 /* View+MASAdditions.m */; };
		691A5F601A4FBC5A00C28718 /* CoreGraphics.framework in Frameworks */ = {isa = PBXBuildFile; fileRef = 691A5F5F1A4FBC5A00C28718 /* CoreGraphics.framework */; };
		691A5F631A4FBEB100C28718 /* CameraViewController.m in Sources */ = {isa = PBXBuildFile; fileRef = 691A5F621A4FBEB100C28718 /* CameraViewController.m */; };
		691A5F6B1A50AF9C00C28718 /* StrechyParallaxScrollView.m in Sources */ = {isa = PBXBuildFile; fileRef = 691A5F6A1A50AF9C00C28718 /* StrechyParallaxScrollView.m */; };
		691A5F751A50AFC500C28718 /* bg@2x.jpg in Resources */ = {isa = PBXBuildFile; fileRef = 691A5F6F1A50AFC500C28718 /* bg@2x.jpg */; };
		691A5F761A50AFC500C28718 /* page1.png in Resources */ = {isa = PBXBuildFile; fileRef = 691A5F701A50AFC500C28718 /* page1.png */; };
		691A5F771A50AFC500C28718 /* page2.png in Resources */ = {isa = PBXBuildFile; fileRef = 691A5F711A50AFC500C28718 /* page2.png */; };
		691A5F781A50AFC500C28718 /* page3.png in Resources */ = {isa = PBXBuildFile; fileRef = 691A5F721A50AFC500C28718 /* page3.png */; };
		691A5F791A50AFC500C28718 /* page4.png in Resources */ = {isa = PBXBuildFile; fileRef = 691A5F731A50AFC500C28718 /* page4.png */; };
		691A5F7A1A50AFC500C28718 /* profile@2x.jpg in Resources */ = {isa = PBXBuildFile; fileRef = 691A5F741A50AFC500C28718 /* profile@2x.jpg */; };
/* End PBXBuildFile section */

/* Begin PBXContainerItemProxy section */
		691A5F0B1A4F894E00C28718 /* PBXContainerItemProxy */ = {
			isa = PBXContainerItemProxy;
			containerPortal = 691A5EE61A4F894E00C28718 /* Project object */;
			proxyType = 1;
			remoteGlobalIDString = 691A5EED1A4F894E00C28718;
			remoteInfo = BonAppetit;
		};
/* End PBXContainerItemProxy section */

/* Begin PBXFileReference section */
		690C92841A5F2ED300D3BC65 /* ASStarRatingView.h */ = {isa = PBXFileReference; fileEncoding = 4; lastKnownFileType = sourcecode.c.h; name = ASStarRatingView.h; path = ASStarRatingView/ASStarRatingView.h; sourceTree = "<group>"; };
		690C92851A5F2ED300D3BC65 /* ASStarRatingView.m */ = {isa = PBXFileReference; fileEncoding = 4; lastKnownFileType = sourcecode.c.objc; name = ASStarRatingView.m; path = ASStarRatingView/ASStarRatingView.m; sourceTree = "<group>"; };
		690C92881A5F31AB00D3BC65 /* half_selected_star.png */ = {isa = PBXFileReference; lastKnownFileType = image.png; name = half_selected_star.png; path = ASStarRatingView/stars/half_selected_star.png; sourceTree = "<group>"; };
		690C92891A5F31AB00D3BC65 /* half_selected_star@2x.png */ = {isa = PBXFileReference; lastKnownFileType = image.png; name = "half_selected_star@2x.png"; path = "ASStarRatingView/stars/half_selected_star@2x.png"; sourceTree = "<group>"; };
		690C928A1A5F31AB00D3BC65 /* not_selected_star.png */ = {isa = PBXFileReference; lastKnownFileType = image.png; name = not_selected_star.png; path = ASStarRatingView/stars/not_selected_star.png; sourceTree = "<group>"; };
		690C928B1A5F31AB00D3BC65 /* not_selected_star@2x.png */ = {isa = PBXFileReference; lastKnownFileType = image.png; name = "not_selected_star@2x.png"; path = "ASStarRatingView/stars/not_selected_star@2x.png"; sourceTree = "<group>"; };
		690C928C1A5F31AB00D3BC65 /* selected_star.png */ = {isa = PBXFileReference; lastKnownFileType = image.png; name = selected_star.png; path = ASStarRatingView/stars/selected_star.png; sourceTree = "<group>"; };
		690C928D1A5F31AB00D3BC65 /* selected_star@2x.png */ = {isa = PBXFileReference; lastKnownFileType = image.png; name = "selected_star@2x.png"; path = "ASStarRatingView/stars/selected_star@2x.png"; sourceTree = "<group>"; };
		690C93121A5F525200D3BC65 /* AudioToolbox.framework */ = {isa = PBXFileReference; lastKnownFileType = wrapper.framework; name = AudioToolbox.framework; path = System/Library/Frameworks/AudioToolbox.framework; sourceTree = SDKROOT; };
		691A5EEE1A4F894E00C28718 /* BonAppetit.app */ = {isa = PBXFileReference; explicitFileType = wrapper.application; includeInIndex = 0; path = BonAppetit.app; sourceTree = BUILT_PRODUCTS_DIR; };
		691A5EF21A4F894E00C28718 /* Info.plist */ = {isa = PBXFileReference; lastKnownFileType = text.plist.xml; path = Info.plist; sourceTree = "<group>"; };
		691A5EF31A4F894E00C28718 /* main.m */ = {isa = PBXFileReference; lastKnownFileType = sourcecode.c.objc; path = main.m; sourceTree = "<group>"; };
		691A5EF51A4F894E00C28718 /* AppDelegate.h */ = {isa = PBXFileReference; lastKnownFileType = sourcecode.c.h; path = AppDelegate.h; sourceTree = "<group>"; };
		691A5EF61A4F894E00C28718 /* AppDelegate.m */ = {isa = PBXFileReference; lastKnownFileType = sourcecode.c.objc; path = AppDelegate.m; sourceTree = "<group>"; };
		691A5EF91A4F894E00C28718 /* BonAppetit.xcdatamodel */ = {isa = PBXFileReference; lastKnownFileType = wrapper.xcdatamodel; path = BonAppetit.xcdatamodel; sourceTree = "<group>"; };
		691A5EFB1A4F894E00C28718 /* ViewController.h */ = {isa = PBXFileReference; lastKnownFileType = sourcecode.c.h; path = ViewController.h; sourceTree = "<group>"; };
		691A5EFC1A4F894E00C28718 /* ViewController.m */ = {isa = PBXFileReference; lastKnownFileType = sourcecode.c.objc; path = ViewController.m; sourceTree = "<group>"; };
		691A5EFF1A4F894E00C28718 /* Base */ = {isa = PBXFileReference; lastKnownFileType = file.storyboard; name = Base; path = Base.lproj/Main.storyboard; sourceTree = "<group>"; };
		691A5F011A4F894E00C28718 /* Images.xcassets */ = {isa = PBXFileReference; lastKnownFileType = folder.assetcatalog; path = Images.xcassets; sourceTree = "<group>"; };
		691A5F041A4F894E00C28718 /* Base */ = {isa = PBXFileReference; lastKnownFileType = file.xib; name = Base; path = Base.lproj/LaunchScreen.xib; sourceTree = "<group>"; };
		691A5F0A1A4F894E00C28718 /* BonAppetitTests.xctest */ = {isa = PBXFileReference; explicitFileType = wrapper.cfbundle; includeInIndex = 0; path = BonAppetitTests.xctest; sourceTree = BUILT_PRODUCTS_DIR; };
		691A5F0F1A4F894E00C28718 /* Info.plist */ = {isa = PBXFileReference; lastKnownFileType = text.plist.xml; path = Info.plist; sourceTree = "<group>"; };
		691A5F101A4F894E00C28718 /* BonAppetitTests.m */ = {isa = PBXFileReference; lastKnownFileType = sourcecode.c.objc; path = BonAppetitTests.m; sourceTree = "<group>"; };
		691A5F1A1A4F8AEC00C28718 /* FacebookSDK.framework */ = {isa = PBXFileReference; lastKnownFileType = wrapper.framework; path = FacebookSDK.framework; sourceTree = "<group>"; };
		691A5F1C1A4F8D3400C28718 /* LoginViewController.h */ = {isa = PBXFileReference; fileEncoding = 4; lastKnownFileType = sourcecode.c.h; path = LoginViewController.h; sourceTree = "<group>"; };
		691A5F1D1A4F8D3400C28718 /* LoginViewController.m */ = {isa = PBXFileReference; fileEncoding = 4; lastKnownFileType = sourcecode.c.objc; path = LoginViewController.m; sourceTree = "<group>"; };
		691A5F1F1A4F981A00C28718 /* PageContentViewController.h */ = {isa = PBXFileReference; fileEncoding = 4; lastKnownFileType = sourcecode.c.h; path = PageContentViewController.h; sourceTree = "<group>"; };
		691A5F201A4F981A00C28718 /* PageContentViewController.m */ = {isa = PBXFileReference; fileEncoding = 4; lastKnownFileType = sourcecode.c.objc; path = PageContentViewController.m; sourceTree = "<group>"; };
		691A5F321A4FB70300C28718 /* ReviewNewsFeedViewController.h */ = {isa = PBXFileReference; fileEncoding = 4; lastKnownFileType = sourcecode.c.h; path = ReviewNewsFeedViewController.h; sourceTree = "<group>"; };
		691A5F331A4FB70300C28718 /* ReviewNewsFeedViewController.m */ = {isa = PBXFileReference; fileEncoding = 4; lastKnownFileType = sourcecode.c.objc; path = ReviewNewsFeedViewController.m; sourceTree = "<group>"; };
		691A5F3A1A4FB89500C28718 /* LICENSE */ = {isa = PBXFileReference; fileEncoding = 4; lastKnownFileType = text; name = LICENSE; path = Masonry/LICENSE; sourceTree = "<group>"; };
		691A5F3B1A4FB89500C28718 /* MASCompositeConstraint.h */ = {isa = PBXFileReference; fileEncoding = 4; lastKnownFileType = sourcecode.c.h; name = MASCompositeConstraint.h; path = Masonry/MASCompositeConstraint.h; sourceTree = "<group>"; };
		691A5F3C1A4FB89500C28718 /* MASCompositeConstraint.m */ = {isa = PBXFileReference; fileEncoding = 4; lastKnownFileType = sourcecode.c.objc; name = MASCompositeConstraint.m; path = Masonry/MASCompositeConstraint.m; sourceTree = "<group>"; };
		691A5F3D1A4FB89500C28718 /* MASConstraint.h */ = {isa = PBXFileReference; fileEncoding = 4; lastKnownFileType = sourcecode.c.h; name = MASConstraint.h; path = Masonry/MASConstraint.h; sourceTree = "<group>"; };
		691A5F3E1A4FB89500C28718 /* MASConstraint.m */ = {isa = PBXFileReference; fileEncoding = 4; lastKnownFileType = sourcecode.c.objc; name = MASConstraint.m; path = Masonry/MASConstraint.m; sourceTree = "<group>"; };
		691A5F3F1A4FB89500C28718 /* MASConstraint+Private.h */ = {isa = PBXFileReference; fileEncoding = 4; lastKnownFileType = sourcecode.c.h; name = "MASConstraint+Private.h"; path = "Masonry/MASConstraint+Private.h"; sourceTree = "<group>"; };
		691A5F401A4FB89500C28718 /* MASConstraintMaker.h */ = {isa = PBXFileReference; fileEncoding = 4; lastKnownFileType = sourcecode.c.h; name = MASConstraintMaker.h; path = Masonry/MASConstraintMaker.h; sourceTree = "<group>"; };
		691A5F411A4FB89500C28718 /* MASConstraintMaker.m */ = {isa = PBXFileReference; fileEncoding = 4; lastKnownFileType = sourcecode.c.objc; name = MASConstraintMaker.m; path = Masonry/MASConstraintMaker.m; sourceTree = "<group>"; };
		691A5F421A4FB89500C28718 /* MASLayoutConstraint.h */ = {isa = PBXFileReference; fileEncoding = 4; lastKnownFileType = sourcecode.c.h; name = MASLayoutConstraint.h; path = Masonry/MASLayoutConstraint.h; sourceTree = "<group>"; };
		691A5F431A4FB89500C28718 /* MASLayoutConstraint.m */ = {isa = PBXFileReference; fileEncoding = 4; lastKnownFileType = sourcecode.c.objc; name = MASLayoutConstraint.m; path = Masonry/MASLayoutConstraint.m; sourceTree = "<group>"; };
		691A5F441A4FB89500C28718 /* Masonry.h */ = {isa = PBXFileReference; fileEncoding = 4; lastKnownFileType = sourcecode.c.h; name = Masonry.h; path = Masonry/Masonry.h; sourceTree = "<group>"; };
		691A5F451A4FB89500C28718 /* MASUtilities.h */ = {isa = PBXFileReference; fileEncoding = 4; lastKnownFileType = sourcecode.c.h; name = MASUtilities.h; path = Masonry/MASUtilities.h; sourceTree = "<group>"; };
		691A5F461A4FB89500C28718 /* MASViewAttribute.h */ = {isa = PBXFileReference; fileEncoding = 4; lastKnownFileType = sourcecode.c.h; name = MASViewAttribute.h; path = Masonry/MASViewAttribute.h; sourceTree = "<group>"; };
		691A5F471A4FB89500C28718 /* MASViewAttribute.m */ = {isa = PBXFileReference; fileEncoding = 4; lastKnownFileType = sourcecode.c.objc; name = MASViewAttribute.m; path = Masonry/MASViewAttribute.m; sourceTree = "<group>"; };
		691A5F481A4FB89500C28718 /* MASViewConstraint.h */ = {isa = PBXFileReference; fileEncoding = 4; lastKnownFileType = sourcecode.c.h; name = MASViewConstraint.h; path = Masonry/MASViewConstraint.h; sourceTree = "<group>"; };
		691A5F491A4FB89500C28718 /* MASViewConstraint.m */ = {isa = PBXFileReference; fileEncoding = 4; lastKnownFileType = sourcecode.c.objc; name = MASViewConstraint.m; path = Masonry/MASViewConstraint.m; sourceTree = "<group>"; };
		691A5F4A1A4FB89500C28718 /* NSArray+MASAdditions.h */ = {isa = PBXFileReference; fileEncoding = 4; lastKnownFileType = sourcecode.c.h; name = "NSArray+MASAdditions.h"; path = "Masonry/NSArray+MASAdditions.h"; sourceTree = "<group>"; };
		691A5F4B1A4FB89500C28718 /* NSArray+MASAdditions.m */ = {isa = PBXFileReference; fileEncoding = 4; lastKnownFileType = sourcecode.c.objc; name = "NSArray+MASAdditions.m"; path = "Masonry/NSArray+MASAdditions.m"; sourceTree = "<group>"; };
		691A5F4C1A4FB89500C28718 /* NSArray+MASShorthandAdditions.h */ = {isa = PBXFileReference; fileEncoding = 4; lastKnownFileType = sourcecode.c.h; name = "NSArray+MASShorthandAdditions.h"; path = "Masonry/NSArray+MASShorthandAdditions.h"; sourceTree = "<group>"; };
		691A5F4D1A4FB89500C28718 /* NSLayoutConstraint+MASDebugAdditions.h */ = {isa = PBXFileReference; fileEncoding = 4; lastKnownFileType = sourcecode.c.h; name = "NSLayoutConstraint+MASDebugAdditions.h"; path = "Masonry/NSLayoutConstraint+MASDebugAdditions.h"; sourceTree = "<group>"; };
		691A5F4E1A4FB89500C28718 /* NSLayoutConstraint+MASDebugAdditions.m */ = {isa = PBXFileReference; fileEncoding = 4; lastKnownFileType = sourcecode.c.objc; name = "NSLayoutConstraint+MASDebugAdditions.m"; path = "Masonry/NSLayoutConstraint+MASDebugAdditions.m"; sourceTree = "<group>"; };
		691A5F4F1A4FB89500C28718 /* View+MASAdditions.h */ = {isa = PBXFileReference; fileEncoding = 4; lastKnownFileType = sourcecode.c.h; name = "View+MASAdditions.h"; path = "Masonry/View+MASAdditions.h"; sourceTree = "<group>"; };
		691A5F501A4FB89500C28718 /* View+MASAdditions.m */ = {isa = PBXFileReference; fileEncoding = 4; lastKnownFileType = sourcecode.c.objc; name = "View+MASAdditions.m"; path = "Masonry/View+MASAdditions.m"; sourceTree = "<group>"; };
		691A5F511A4FB89500C28718 /* View+MASShorthandAdditions.h */ = {isa = PBXFileReference; fileEncoding = 4; lastKnownFileType = sourcecode.c.h; name = "View+MASShorthandAdditions.h"; path = "Masonry/View+MASShorthandAdditions.h"; sourceTree = "<group>"; };
		691A5F5F1A4FBC5A00C28718 /* CoreGraphics.framework */ = {isa = PBXFileReference; lastKnownFileType = wrapper.framework; name = CoreGraphics.framework; path = System/Library/Frameworks/CoreGraphics.framework; sourceTree = SDKROOT; };
		691A5F611A4FBEB100C28718 /* CameraViewController.h */ = {isa = PBXFileReference; fileEncoding = 4; lastKnownFileType = sourcecode.c.h; path = CameraViewController.h; sourceTree = "<group>"; };
		691A5F621A4FBEB100C28718 /* CameraViewController.m */ = {isa = PBXFileReference; fileEncoding = 4; lastKnownFileType = sourcecode.c.objc; path = CameraViewController.m; sourceTree = "<group>"; };
		691A5F691A50AF9C00C28718 /* StrechyParallaxScrollView.h */ = {isa = PBXFileReference; fileEncoding = 4; lastKnownFileType = sourcecode.c.h; name = StrechyParallaxScrollView.h; path = StrechyParallaxScrollView/StrechyParallaxScrollView.h; sourceTree = "<group>"; };
		691A5F6A1A50AF9C00C28718 /* StrechyParallaxScrollView.m */ = {isa = PBXFileReference; fileEncoding = 4; lastKnownFileType = sourcecode.c.objc; name = StrechyParallaxScrollView.m; path = StrechyParallaxScrollView/StrechyParallaxScrollView.m; sourceTree = "<group>"; };
		691A5F6F1A50AFC500C28718 /* bg@2x.jpg */ = {isa = PBXFileReference; lastKnownFileType = image.jpeg; name = "bg@2x.jpg"; path = "Images/bg@2x.jpg"; sourceTree = "<group>"; };
		691A5F701A50AFC500C28718 /* page1.png */ = {isa = PBXFileReference; lastKnownFileType = image.png; name = page1.png; path = Images/page1.png; sourceTree = "<group>"; };
		691A5F711A50AFC500C28718 /* page2.png */ = {isa = PBXFileReference; lastKnownFileType = image.png; name = page2.png; path = Images/page2.png; sourceTree = "<group>"; };
		691A5F721A50AFC500C28718 /* page3.png */ = {isa = PBXFileReference; lastKnownFileType = image.png; name = page3.png; path = Images/page3.png; sourceTree = "<group>"; };
		691A5F731A50AFC500C28718 /* page4.png */ = {isa = PBXFileReference; lastKnownFileType = image.png; name = page4.png; path = Images/page4.png; sourceTree = "<group>"; };
		691A5F741A50AFC500C28718 /* profile@2x.jpg */ = {isa = PBXFileReference; lastKnownFileType = image.jpeg; name = "profile@2x.jpg"; path = "Images/profile@2x.jpg"; sourceTree = "<group>"; };
/* End PBXFileReference section */

/* Begin PBXFrameworksBuildPhase section */
		691A5EEB1A4F894E00C28718 /* Frameworks */ = {
			isa = PBXFrameworksBuildPhase;
			buildActionMask = 2147483647;
			files = (
				690C93131A5F525200D3BC65 /* AudioToolbox.framework in Frameworks */,
				691A5F601A4FBC5A00C28718 /* CoreGraphics.framework in Frameworks */,
				691A5F1B1A4F8AEC00C28718 /* FacebookSDK.framework in Frameworks */,
			);
			runOnlyForDeploymentPostprocessing = 0;
		};
		691A5F071A4F894E00C28718 /* Frameworks */ = {
			isa = PBXFrameworksBuildPhase;
			buildActionMask = 2147483647;
			files = (
			);
			runOnlyForDeploymentPostprocessing = 0;
		};
/* End PBXFrameworksBuildPhase section */

/* Begin PBXGroup section */
		690C92871A5F319C00D3BC65 /* stars */ = {
			isa = PBXGroup;
			children = (
				690C92881A5F31AB00D3BC65 /* half_selected_star.png */,
				690C92891A5F31AB00D3BC65 /* half_selected_star@2x.png */,
				690C928A1A5F31AB00D3BC65 /* not_selected_star.png */,
				690C928B1A5F31AB00D3BC65 /* not_selected_star@2x.png */,
				690C928C1A5F31AB00D3BC65 /* selected_star.png */,
				690C928D1A5F31AB00D3BC65 /* selected_star@2x.png */,
			);
			name = stars;
			sourceTree = "<group>";
		};
		691A5EE51A4F894E00C28718 = {
			isa = PBXGroup;
			children = (
				690C93121A5F525200D3BC65 /* AudioToolbox.framework */,
				691A5F5F1A4FBC5A00C28718 /* CoreGraphics.framework */,
				691A5F1A1A4F8AEC00C28718 /* FacebookSDK.framework */,
				691A5EF01A4F894E00C28718 /* BonAppetit */,
				691A5F0D1A4F894E00C28718 /* BonAppetitTests */,
				691A5EEF1A4F894E00C28718 /* Products */,
			);
			sourceTree = "<group>";
		};
		691A5EEF1A4F894E00C28718 /* Products */ = {
			isa = PBXGroup;
			children = (
				691A5EEE1A4F894E00C28718 /* BonAppetit.app */,
				691A5F0A1A4F894E00C28718 /* BonAppetitTests.xctest */,
			);
			name = Products;
			sourceTree = "<group>";
		};
		691A5EF01A4F894E00C28718 /* BonAppetit */ = {
			isa = PBXGroup;
			children = (
				691A5EF51A4F894E00C28718 /* AppDelegate.h */,
				691A5EF61A4F894E00C28718 /* AppDelegate.m */,
				691A5F651A50AEEA00C28718 /* ASStarRatingView */,
				691A5EF81A4F894E00C28718 /* BonAppetit.xcdatamodeld */,
				691A5F611A4FBEB100C28718 /* CameraViewController.h */,
				691A5F621A4FBEB100C28718 /* CameraViewController.m */,
				691A5F221A4F9AA000C28718 /* Images */,
				691A5F011A4F894E00C28718 /* Images.xcassets */,
				691A5F031A4F894E00C28718 /* LaunchScreen.xib */,
				691A5F1C1A4F8D3400C28718 /* LoginViewController.h */,
				691A5F1D1A4F8D3400C28718 /* LoginViewController.m */,
				691A5EFE1A4F894E00C28718 /* Main.storyboard */,
				691A5F351A4FB7B700C28718 /* Masonry */,
				691A5F1F1A4F981A00C28718 /* PageContentViewController.h */,
				691A5F201A4F981A00C28718 /* PageContentViewController.m */,
				691A5F321A4FB70300C28718 /* ReviewNewsFeedViewController.h */,
				691A5F331A4FB70300C28718 /* ReviewNewsFeedViewController.m */,
				691A5F641A50AEAF00C28718 /* StrechyParallaxScrollView */,
				691A5EF11A4F894E00C28718 /* Supporting Files */,
				691A5EFB1A4F894E00C28718 /* ViewController.h */,
				691A5EFC1A4F894E00C28718 /* ViewController.m */,
			);
			path = BonAppetit;
			sourceTree = "<group>";
		};
		691A5EF11A4F894E00C28718 /* Supporting Files */ = {
			isa = PBXGroup;
			children = (
				691A5EF21A4F894E00C28718 /* Info.plist */,
				691A5EF31A4F894E00C28718 /* main.m */,
			);
			name = "Supporting Files";
			sourceTree = "<group>";
		};
		691A5F0D1A4F894E00C28718 /* BonAppetitTests */ = {
			isa = PBXGroup;
			children = (
				691A5F101A4F894E00C28718 /* BonAppetitTests.m */,
				691A5F0E1A4F894E00C28718 /* Supporting Files */,
			);
			path = BonAppetitTests;
			sourceTree = "<group>";
		};
		691A5F0E1A4F894E00C28718 /* Supporting Files */ = {
			isa = PBXGroup;
			children = (
				691A5F0F1A4F894E00C28718 /* Info.plist */,
			);
			name = "Supporting Files";
			sourceTree = "<group>";
		};
		691A5F221A4F9AA000C28718 /* Images */ = {
			isa = PBXGroup;
			children = (
				691A5F6F1A50AFC500C28718 /* bg@2x.jpg */,
				691A5F701A50AFC500C28718 /* page1.png */,
				691A5F711A50AFC500C28718 /* page2.png */,
				691A5F721A50AFC500C28718 /* page3.png */,
				691A5F731A50AFC500C28718 /* page4.png */,
				691A5F741A50AFC500C28718 /* profile@2x.jpg */,
			);
			name = Images;
			sourceTree = "<group>";
		};
		691A5F351A4FB7B700C28718 /* Masonry */ = {
			isa = PBXGroup;
			children = (
				691A5F3A1A4FB89500C28718 /* LICENSE */,
				691A5F3B1A4FB89500C28718 /* MASCompositeConstraint.h */,
				691A5F3C1A4FB89500C28718 /* MASCompositeConstraint.m */,
				691A5F3D1A4FB89500C28718 /* MASConstraint.h */,
				691A5F3E1A4FB89500C28718 /* MASConstraint.m */,
				691A5F3F1A4FB89500C28718 /* MASConstraint+Private.h */,
				691A5F401A4FB89500C28718 /* MASConstraintMaker.h */,
				691A5F411A4FB89500C28718 /* MASConstraintMaker.m */,
				691A5F421A4FB89500C28718 /* MASLayoutConstraint.h */,
				691A5F431A4FB89500C28718 /* MASLayoutConstraint.m */,
				691A5F441A4FB89500C28718 /* Masonry.h */,
				691A5F451A4FB89500C28718 /* MASUtilities.h */,
				691A5F461A4FB89500C28718 /* MASViewAttribute.h */,
				691A5F471A4FB89500C28718 /* MASViewAttribute.m */,
				691A5F481A4FB89500C28718 /* MASViewConstraint.h */,
				691A5F491A4FB89500C28718 /* MASViewConstraint.m */,
				691A5F4A1A4FB89500C28718 /* NSArray+MASAdditions.h */,
				691A5F4B1A4FB89500C28718 /* NSArray+MASAdditions.m */,
				691A5F4C1A4FB89500C28718 /* NSArray+MASShorthandAdditions.h */,
				691A5F4D1A4FB89500C28718 /* NSLayoutConstraint+MASDebugAdditions.h */,
				691A5F4E1A4FB89500C28718 /* NSLayoutConstraint+MASDebugAdditions.m */,
				691A5F4F1A4FB89500C28718 /* View+MASAdditions.h */,
				691A5F501A4FB89500C28718 /* View+MASAdditions.m */,
				691A5F511A4FB89500C28718 /* View+MASShorthandAdditions.h */,
			);
			name = Masonry;
			sourceTree = "<group>";
		};
		691A5F641A50AEAF00C28718 /* StrechyParallaxScrollView */ = {
			isa = PBXGroup;
			children = (
				691A5F691A50AF9C00C28718 /* StrechyParallaxScrollView.h */,
				691A5F6A1A50AF9C00C28718 /* StrechyParallaxScrollView.m */,
			);
			name = StrechyParallaxScrollView;
			sourceTree = "<group>";
		};
		691A5F651A50AEEA00C28718 /* ASStarRatingView */ = {
			isa = PBXGroup;
			children = (
				690C92871A5F319C00D3BC65 /* stars */,
				690C92841A5F2ED300D3BC65 /* ASStarRatingView.h */,
				690C92851A5F2ED300D3BC65 /* ASStarRatingView.m */,
			);
			name = ASStarRatingView;
			sourceTree = "<group>";
		};
/* End PBXGroup section */

/* Begin PBXNativeTarget section */
		691A5EED1A4F894E00C28718 /* BonAppetit */ = {
			isa = PBXNativeTarget;
			buildConfigurationList = 691A5F141A4F894E00C28718 /* Build configuration list for PBXNativeTarget "BonAppetit" */;
			buildPhases = (
				691A5EEA1A4F894E00C28718 /* Sources */,
				691A5EEB1A4F894E00C28718 /* Frameworks */,
				691A5EEC1A4F894E00C28718 /* Resources */,
			);
			buildRules = (
			);
			dependencies = (
			);
			name = BonAppetit;
			productName = BonAppetit;
			productReference = 691A5EEE1A4F894E00C28718 /* BonAppetit.app */;
			productType = "com.apple.product-type.application";
		};
		691A5F091A4F894E00C28718 /* BonAppetitTests */ = {
			isa = PBXNativeTarget;
			buildConfigurationList = 691A5F171A4F894E00C28718 /* Build configuration list for PBXNativeTarget "BonAppetitTests" */;
			buildPhases = (
				691A5F061A4F894E00C28718 /* Sources */,
				691A5F071A4F894E00C28718 /* Frameworks */,
				691A5F081A4F894E00C28718 /* Resources */,
			);
			buildRules = (
			);
			dependencies = (
				691A5F0C1A4F894E00C28718 /* PBXTargetDependency */,
			);
			name = BonAppetitTests;
			productName = BonAppetitTests;
			productReference = 691A5F0A1A4F894E00C28718 /* BonAppetitTests.xctest */;
			productType = "com.apple.product-type.bundle.unit-test";
		};
/* End PBXNativeTarget section */

/* Begin PBXProject section */
		691A5EE61A4F894E00C28718 /* Project object */ = {
			isa = PBXProject;
			attributes = {
				LastUpgradeCheck = 0610;
				ORGANIZATIONNAME = "Jay Yoon";
				TargetAttributes = {
					691A5EED1A4F894E00C28718 = {
						CreatedOnToolsVersion = 6.1.1;
					};
					691A5F091A4F894E00C28718 = {
						CreatedOnToolsVersion = 6.1.1;
						TestTargetID = 691A5EED1A4F894E00C28718;
					};
				};
			};
			buildConfigurationList = 691A5EE91A4F894E00C28718 /* Build configuration list for PBXProject "BonAppetit" */;
			compatibilityVersion = "Xcode 3.2";
			developmentRegion = English;
			hasScannedForEncodings = 0;
			knownRegions = (
				en,
				Base,
			);
			mainGroup = 691A5EE51A4F894E00C28718;
			productRefGroup = 691A5EEF1A4F894E00C28718 /* Products */;
			projectDirPath = "";
			projectRoot = "";
			targets = (
				691A5EED1A4F894E00C28718 /* BonAppetit */,
				691A5F091A4F894E00C28718 /* BonAppetitTests */,
			);
		};
/* End PBXProject section */

/* Begin PBXResourcesBuildPhase section */
		691A5EEC1A4F894E00C28718 /* Resources */ = {
			isa = PBXResourcesBuildPhase;
			buildActionMask = 2147483647;
			files = (
				691A5F001A4F894E00C28718 /* Main.storyboard in Resources */,
				690C928E1A5F31AB00D3BC65 /* half_selected_star.png in Resources */,
				690C92901A5F31AB00D3BC65 /* not_selected_star.png in Resources */,
				690C92931A5F31AB00D3BC65 /* selected_star@2x.png in Resources */,
				690C92921A5F31AB00D3BC65 /* selected_star.png in Resources */,
				690C928F1A5F31AB00D3BC65 /* half_selected_star@2x.png in Resources */,
				691A5F051A4F894E00C28718 /* LaunchScreen.xib in Resources */,
				691A5F771A50AFC500C28718 /* page2.png in Resources */,
				691A5F761A50AFC500C28718 /* page1.png in Resources */,
				691A5F7A1A50AFC500C28718 /* profile@2x.jpg in Resources */,
				691A5F781A50AFC500C28718 /* page3.png in Resources */,
				691A5F791A50AFC500C28718 /* page4.png in Resources */,
				691A5F521A4FB89500C28718 /* LICENSE in Resources */,
				690C92911A5F31AB00D3BC65 /* not_selected_star@2x.png in Resources */,
				691A5F021A4F894E00C28718 /* Images.xcassets in Resources */,
				691A5F751A50AFC500C28718 /* bg@2x.jpg in Resources */,
			);
			runOnlyForDeploymentPostprocessing = 0;
		};
		691A5F081A4F894E00C28718 /* Resources */ = {
			isa = PBXResourcesBuildPhase;
			buildActionMask = 2147483647;
			files = (
			);
			runOnlyForDeploymentPostprocessing = 0;
		};
/* End PBXResourcesBuildPhase section */

/* Begin PBXSourcesBuildPhase section */
		691A5EEA1A4F894E00C28718 /* Sources */ = {
			isa = PBXSourcesBuildPhase;
			buildActionMask = 2147483647;
			files = (
				691A5EF71A4F894E00C28718 /* AppDelegate.m in Sources */,
				691A5F631A4FBEB100C28718 /* CameraViewController.m in Sources */,
				691A5EF41A4F894E00C28718 /* main.m in Sources */,
				691A5F591A4FB89500C28718 /* NSArray+MASAdditions.m in Sources */,
				691A5EFD1A4F894E00C28718 /* ViewController.m in Sources */,
				691A5F5B1A4FB89500C28718 /* View+MASAdditions.m in Sources */,
				691A5F6B1A50AF9C00C28718 /* StrechyParallaxScrollView.m in Sources */,
				691A5F561A4FB89500C28718 /* MASLayoutConstraint.m in Sources */,
				691A5F541A4FB89500C28718 /* MASConstraint.m in Sources */,
				691A5F5A1A4FB89500C28718 /* NSLayoutConstraint+MASDebugAdditions.m in Sources */,
				691A5F531A4FB89500C28718 /* MASCompositeConstraint.m in Sources */,
				691A5EFA1A4F894E00C28718 /* BonAppetit.xcdatamodeld in Sources */,
				691A5F1E1A4F8D3400C28718 /* LoginViewController.m in Sources */,
				691A5F341A4FB70300C28718 /* ReviewNewsFeedViewController.m in Sources */,
				690C92861A5F2ED300D3BC65 /* ASStarRatingView.m in Sources */,
				691A5F551A4FB89500C28718 /* MASConstraintMaker.m in Sources */,
				691A5F581A4FB89500C28718 /* MASViewConstraint.m in Sources */,
				691A5F211A4F981A00C28718 /* PageContentViewController.m in Sources */,
				691A5F571A4FB89500C28718 /* MASViewAttribute.m in Sources */,
			);
			runOnlyForDeploymentPostprocessing = 0;
		};
		691A5F061A4F894E00C28718 /* Sources */ = {
			isa = PBXSourcesBuildPhase;
			buildActionMask = 2147483647;
			files = (
				691A5F111A4F894E00C28718 /* BonAppetitTests.m in Sources */,
			);
			runOnlyForDeploymentPostprocessing = 0;
		};
/* End PBXSourcesBuildPhase section */

/* Begin PBXTargetDependency section */
		691A5F0C1A4F894E00C28718 /* PBXTargetDependency */ = {
			isa = PBXTargetDependency;
			target = 691A5EED1A4F894E00C28718 /* BonAppetit */;
			targetProxy = 691A5F0B1A4F894E00C28718 /* PBXContainerItemProxy */;
		};
/* End PBXTargetDependency section */

/* Begin PBXVariantGroup section */
		691A5EFE1A4F894E00C28718 /* Main.storyboard */ = {
			isa = PBXVariantGroup;
			children = (
				691A5EFF1A4F894E00C28718 /* Base */,
			);
			name = Main.storyboard;
			sourceTree = "<group>";
		};
		691A5F031A4F894E00C28718 /* LaunchScreen.xib */ = {
			isa = PBXVariantGroup;
			children = (
				691A5F041A4F894E00C28718 /* Base */,
			);
			name = LaunchScreen.xib;
			sourceTree = "<group>";
		};
/* End PBXVariantGroup section */

/* Begin XCBuildConfiguration section */
		691A5F121A4F894E00C28718 /* Debug */ = {
			isa = XCBuildConfiguration;
			buildSettings = {
				ALWAYS_SEARCH_USER_PATHS = NO;
				CLANG_CXX_LANGUAGE_STANDARD = "gnu++0x";
				CLANG_CXX_LIBRARY = "libc++";
				CLANG_ENABLE_MODULES = YES;
				CLANG_ENABLE_OBJC_ARC = YES;
				CLANG_WARN_BOOL_CONVERSION = YES;
				CLANG_WARN_CONSTANT_CONVERSION = YES;
				CLANG_WARN_DIRECT_OBJC_ISA_USAGE = YES_ERROR;
				CLANG_WARN_EMPTY_BODY = YES;
				CLANG_WARN_ENUM_CONVERSION = YES;
				CLANG_WARN_INT_CONVERSION = YES;
				CLANG_WARN_OBJC_ROOT_CLASS = YES_ERROR;
				CLANG_WARN_UNREACHABLE_CODE = YES;
				CLANG_WARN__DUPLICATE_METHOD_MATCH = YES;
				"CODE_SIGN_IDENTITY[sdk=iphoneos*]" = "iPhone Developer";
				COPY_PHASE_STRIP = NO;
				ENABLE_STRICT_OBJC_MSGSEND = YES;
				GCC_C_LANGUAGE_STANDARD = gnu99;
				GCC_DYNAMIC_NO_PIC = NO;
				GCC_OPTIMIZATION_LEVEL = 0;
				GCC_PREPROCESSOR_DEFINITIONS = (
					"DEBUG=1",
					"$(inherited)",
				);
				GCC_SYMBOLS_PRIVATE_EXTERN = NO;
				GCC_WARN_64_TO_32_BIT_CONVERSION = YES;
				GCC_WARN_ABOUT_RETURN_TYPE = YES_ERROR;
				GCC_WARN_UNDECLARED_SELECTOR = YES;
				GCC_WARN_UNINITIALIZED_AUTOS = YES_AGGRESSIVE;
				GCC_WARN_UNUSED_FUNCTION = YES;
				GCC_WARN_UNUSED_VARIABLE = YES;
				IPHONEOS_DEPLOYMENT_TARGET = 8.1;
				MTL_ENABLE_DEBUG_INFO = YES;
				ONLY_ACTIVE_ARCH = YES;
				SDKROOT = iphoneos;
				TARGETED_DEVICE_FAMILY = "1,2";
			};
			name = Debug;
		};
		691A5F131A4F894E00C28718 /* Release */ = {
			isa = XCBuildConfiguration;
			buildSettings = {
				ALWAYS_SEARCH_USER_PATHS = NO;
				CLANG_CXX_LANGUAGE_STANDARD = "gnu++0x";
				CLANG_CXX_LIBRARY = "libc++";
				CLANG_ENABLE_MODULES = YES;
				CLANG_ENABLE_OBJC_ARC = YES;
				CLANG_WARN_BOOL_CONVERSION = YES;
				CLANG_WARN_CONSTANT_CONVERSION = YES;
				CLANG_WARN_DIRECT_OBJC_ISA_USAGE = YES_ERROR;
				CLANG_WARN_EMPTY_BODY = YES;
				CLANG_WARN_ENUM_CONVERSION = YES;
				CLANG_WARN_INT_CONVERSION = YES;
				CLANG_WARN_OBJC_ROOT_CLASS = YES_ERROR;
				CLANG_WARN_UNREACHABLE_CODE = YES;
				CLANG_WARN__DUPLICATE_METHOD_MATCH = YES;
				"CODE_SIGN_IDENTITY[sdk=iphoneos*]" = "iPhone Developer";
				COPY_PHASE_STRIP = YES;
				ENABLE_NS_ASSERTIONS = NO;
				ENABLE_STRICT_OBJC_MSGSEND = YES;
				GCC_C_LANGUAGE_STANDARD = gnu99;
				GCC_WARN_64_TO_32_BIT_CONVERSION = YES;
				GCC_WARN_ABOUT_RETURN_TYPE = YES_ERROR;
				GCC_WARN_UNDECLARED_SELECTOR = YES;
				GCC_WARN_UNINITIALIZED_AUTOS = YES_AGGRESSIVE;
				GCC_WARN_UNUSED_FUNCTION = YES;
				GCC_WARN_UNUSED_VARIABLE = YES;
				IPHONEOS_DEPLOYMENT_TARGET = 8.1;
				MTL_ENABLE_DEBUG_INFO = NO;
				SDKROOT = iphoneos;
				TARGETED_DEVICE_FAMILY = "1,2";
				VALIDATE_PRODUCT = YES;
			};
			name = Release;
		};
		691A5F151A4F894E00C28718 /* Debug */ = {
			isa = XCBuildConfiguration;
			buildSettings = {
				ASSETCATALOG_COMPILER_APPICON_NAME = AppIcon;
				FRAMEWORK_SEARCH_PATHS = (
					"$(inherited)",
					"$(PROJECT_DIR)",
				);
				INFOPLIST_FILE = BonAppetit/Info.plist;
				LD_RUNPATH_SEARCH_PATHS = "$(inherited) @executable_path/Frameworks";
				OTHER_LDFLAGS = "-ObjC";
				PRODUCT_NAME = "$(TARGET_NAME)";
			};
			name = Debug;
		};
		691A5F161A4F894E00C28718 /* Release */ = {
			isa = XCBuildConfiguration;
			buildSettings = {
				ASSETCATALOG_COMPILER_APPICON_NAME = AppIcon;
				FRAMEWORK_SEARCH_PATHS = (
					"$(inherited)",
					"$(PROJECT_DIR)",
				);
				INFOPLIST_FILE = BonAppetit/Info.plist;
				LD_RUNPATH_SEARCH_PATHS = "$(inherited) @executable_path/Frameworks";
				OTHER_LDFLAGS = "-ObjC";
				PRODUCT_NAME = "$(TARGET_NAME)";
			};
			name = Release;
		};
		691A5F181A4F894E00C28718 /* Debug */ = {
			isa = XCBuildConfiguration;
			buildSettings = {
				BUNDLE_LOADER = "$(TEST_HOST)";
				FRAMEWORK_SEARCH_PATHS = (
					"$(SDKROOT)/Developer/Library/Frameworks",
					"$(inherited)",
				);
				GCC_PREPROCESSOR_DEFINITIONS = (
					"DEBUG=1",
					"$(inherited)",
				);
				INFOPLIST_FILE = BonAppetitTests/Info.plist;
				LD_RUNPATH_SEARCH_PATHS = "$(inherited) @executable_path/Frameworks @loader_path/Frameworks";
				PRODUCT_NAME = "$(TARGET_NAME)";
				TEST_HOST = "$(BUILT_PRODUCTS_DIR)/BonAppetit.app/BonAppetit";
			};
			name = Debug;
		};
		691A5F191A4F894E00C28718 /* Release */ = {
			isa = XCBuildConfiguration;
			buildSettings = {
				BUNDLE_LOADER = "$(TEST_HOST)";
				FRAMEWORK_SEARCH_PATHS = (
					"$(SDKROOT)/Developer/Library/Frameworks",
					"$(inherited)",
				);
				INFOPLIST_FILE = BonAppetitTests/Info.plist;
				LD_RUNPATH_SEARCH_PATHS = "$(inherited) @executable_path/Frameworks @loader_path/Frameworks";
				PRODUCT_NAME = "$(TARGET_NAME)";
				TEST_HOST = "$(BUILT_PRODUCTS_DIR)/BonAppetit.app/BonAppetit";
			};
			name = Release;
		};
/* End XCBuildConfiguration section */

/* Begin XCConfigurationList section */
		691A5EE91A4F894E00C28718 /* Build configuration list for PBXProject "BonAppetit" */ = {
			isa = XCConfigurationList;
			buildConfigurations = (
				691A5F121A4F894E00C28718 /* Debug */,
				691A5F131A4F894E00C28718 /* Release */,
			);
			defaultConfigurationIsVisible = 0;
			defaultConfigurationName = Release;
		};
		691A5F141A4F894E00C28718 /* Build configuration list for PBXNativeTarget "BonAppetit" */ = {
			isa = XCConfigurationList;
			buildConfigurations = (
				691A5F151A4F894E00C28718 /* Debug */,
				691A5F161A4F894E00C28718 /* Release */,
			);
			defaultConfigurationIsVisible = 0;
			defaultConfigurationName = Release;
		};
		691A5F171A4F894E00C28718 /* Build configuration list for PBXNativeTarget "BonAppetitTests" */ = {
			isa = XCConfigurationList;
			buildConfigurations = (
				691A5F181A4F894E00C28718 /* Debug */,
				691A5F191A4F894E00C28718 /* Release */,
			);
			defaultConfigurationIsVisible = 0;
			defaultConfigurationName = Release;
		};
/* End XCConfigurationList section */

/* Begin XCVersionGroup section */
		691A5EF81A4F894E00C28718 /* BonAppetit.xcdatamodeld */ = {
			isa = XCVersionGroup;
			children = (
				691A5EF91A4F894E00C28718 /* BonAppetit.xcdatamodel */,
			);
			currentVersion = 691A5EF91A4F894E00C28718 /* BonAppetit.xcdatamodel */;
			path = BonAppetit.xcdatamodeld;
			sourceTree = "<group>";
			versionGroupType = wrapper.xcdatamodel;
		};
/* End XCVersionGroup section */
	};
	rootObject = 691A5EE61A4F894E00C28718 /* Project object */;
}
